version = 1

[[bindings]]
doc = "docs/vault/Concepts/Levels.md"
target = "docs/vault/Modules/feel.md"
sig = "e4e17cd7588ac713"

[[bindings]]
doc = "docs/vault/Concepts/Levels.md"
target = "scripts/gen-pars.mjs"
sig = "17598bed0f73a9df"

[[bindings]]
doc = "docs/vault/Concepts/Levels.md"
target = "src/boot.ts"
sig = "4c9afcc6947907d2"

[[bindings]]
doc = "docs/vault/Concepts/Levels.md"
target = "src/replay/replay.ts"
sig = "358c8994ef168677"

[[bindings]]
doc = "docs/vault/Concepts/Levels.md"
target = "src/sets/bathroom/data.ts"
sig = "623f45222e2805d8"

[[bindings]]
doc = "docs/vault/Concepts/Levels.md"
target = "src/sets/garage/data.ts"
sig = "8551d9f1b5a307fb"

[[bindings]]
doc = "docs/vault/Concepts/Levels.md"
target = "src/sets/garage/index.ts"
sig = "39eebe9f4715d7e0"

[[bindings]]
doc = "docs/vault/Concepts/Levels.md"
target = "src/sets/garden/data.ts"
sig = "85fea3da970c0e69"

[[bindings]]
doc = "docs/vault/Concepts/Levels.md"
target = "src/ui/builder.ts"
sig = "6aea759dcbd60b43"

[[bindings]]
doc = "docs/vault/Concepts/Levels.md"
target = "src/ui/callouts.ts"
sig = "befa699b906bc793"

[[bindings]]
doc = "docs/vault/Concepts/Levels.md"
target = "src/world/hazards.ts"
sig = "c574d75a051da4fc"

[[bindings]]
doc = "docs/vault/Concepts/Levels.md"
target = "src/world/level.ts"
sig = "d9b324167989351e"

[[bindings]]
doc = "docs/vault/Concepts/Levels.md"
target = "src/world/levels/bathroom01.level.ts"
sig = "c0350a92ffc31013"

[[bindings]]
doc = "docs/vault/Concepts/Levels.md"
target = "src/world/levels/bedroom01.level.ts"
sig = "efa959402b23bc9a"

[[bindings]]
doc = "docs/vault/Concepts/Levels.md"
target = "src/world/levels/garden01.level.ts"
sig = "2b6ce57e7cdf3c0b"

[[bindings]]
doc = "docs/vault/Concepts/Levels.md"
target = "src/world/levels/kitchen01.level.ts"
sig = "ce2f3bd36ac059e9"

[[bindings]]
doc = "docs/vault/Concepts/Levels.md"
target = "src/world/levels/kitchen05.level.ts"
sig = "e123971bb17db1e4"

[[bindings]]
doc = "docs/vault/Concepts/Levels.md"
target = "src/world/pars.json"
sig = "61e476e92d2f7b99"

[[bindings]]
doc = "docs/vault/Concepts/Levels.md"
target = "src/world/setPlacement.ts"
sig = "15cd2be53ac85fa6"

[[bindings]]
doc = "docs/vault/Concepts/Levels.md"
target = "tests/e2e/shell.spec.ts"
sig = "940f0e902aa3a4ab"

[[bindings]]
doc = "docs/vault/Concepts/Levels.md"
target = "tests/unit/bathroom-levels.test.ts"
sig = "b99bbc25b7209004"

[[bindings]]
doc = "docs/vault/Concepts/Levels.md"
target = "tests/unit/bedroom-levels.test.ts"
sig = "338d30a9c8c79868"

[[bindings]]
doc = "docs/vault/Concepts/Levels.md"
target = "tests/unit/boot-invariants.test.ts"
sig = "f8c688f0055fa0f4"

[[bindings]]
doc = "docs/vault/Concepts/Levels.md"
target = "tests/unit/garage-levels.test.ts"
sig = "800fee48870c9ed6"

[[bindings]]
doc = "docs/vault/Concepts/Levels.md"
target = "tests/unit/garden-levels.test.ts"
sig = "c7d9abdf2d44719f"

[[bindings]]
doc = "docs/vault/Concepts/Levels.md"
target = "tests/unit/kitchen-levels.test.ts"
sig = "01a43379f62aea63"

[[bindings]]
doc = "docs/vault/Concepts/Levels.md"
target = "tests/unit/set-wiring.test.ts"
sig = "9d3eaca58139464d"

[[bindings]]
doc = "docs/vault/Concepts/Performance.md"
target = "tests/e2e/perf-stage3.spec.ts"
sig = "2648b709ac3796c8"

[[bindings]]
doc = "docs/vault/Home.md"
target = "src/track/build.ts"
sig = "3871041c00d2f83b"

[[bindings]]
doc = "docs/vault/Home.md"
target = "src/world/campaign.ts"
sig = "3422122b9708ccd8"

[[bindings]]
doc = "docs/vault/Home.md"
target = "src/world/setPlacement.ts"
sig = "15cd2be53ac85fa6"

[[bindings]]
doc = "docs/vault/Home.md"
target = "tools/histogram.mjs"
sig = "cb7dd5d5414784c4"

[[bindings]]
doc = "docs/vault/Modules/camera.md"
target = "src/boot.ts"
sig = "382c70ab1ae9bf28"

[[bindings]]
doc = "docs/vault/Modules/camera.md"
target = "src/camera/run-camera.ts"
sig = "1e1d7f5df8a8c81b"

[[bindings]]
doc = "docs/vault/Modules/camera.md"
target = "src/feel/kittrack.ts"
sig = "23d6349a19a9619e"

[[bindings]]
doc = "docs/vault/Modules/camera.md"
target = "src/track/spline.ts"
sig = "94a2ee27e5931879"

[[bindings]]
doc = "docs/vault/Modules/camera.md"
target = "tests/e2e/filmstrip.spec.ts"
sig = "78d466e8bf1104ea"

[[bindings]]
doc = "docs/vault/Modules/camera.md"
target = "tests/e2e/loop.spec.ts"
sig = "b7642c638f1671f4"

[[bindings]]
doc = "docs/vault/Modules/camera.md"
target = "tests/unit/camera.test.ts"
sig = "61f96bcfc29be4f3"

[[bindings]]
doc = "docs/vault/Modules/dev.md"
target = "src/dev/cameras.ts"
sig = "510190c1b1f2cc56"

[[bindings]]
doc = "docs/vault/Modules/dev.md"
target = "src/dev/harness.ts"
sig = "610e79a40e4f3b0b"

[[bindings]]
doc = "docs/vault/Modules/dev.md"
target = "src/dev/post-params.ts"
sig = "eb7edff0fcbccfaa"

[[bindings]]
doc = "docs/vault/Modules/dev.md"
target = "src/dev/registry.ts"
sig = "08ebfda14427ef24"

[[bindings]]
doc = "docs/vault/Modules/dev.md"
target = "src/dev/scenes/bedroom-set.ts"
sig = "d0214f900a50cb6e"

[[bindings]]
doc = "docs/vault/Modules/dev.md"
target = "src/dev/scenes/cars.ts"
sig = "482eff61dd1440fc"

[[bindings]]
doc = "docs/vault/Modules/dev.md"
target = "src/dev/scenes/kitchen-a.ts"
sig = "b3ffed4b20b94135"

[[bindings]]
doc = "docs/vault/Modules/dev.md"
target = "src/dev/scenes/kitchen-b.ts"
sig = "9f4bce417acc7d9b"

[[bindings]]
doc = "docs/vault/Modules/dev.md"
target = "src/dev/scenes/kitchen-c.ts"
sig = "6076250d77860d77"

[[bindings]]
doc = "docs/vault/Modules/dev.md"
target = "src/dev/scenes/kitchen-set.ts"
sig = "4c8ccfd32a963eb7"

[[bindings]]
doc = "docs/vault/Modules/dev.md"
target = "src/dev/scenes/material-ramp.ts"
sig = "0b8956e4fdc50db2"

[[bindings]]
doc = "docs/vault/Modules/dev.md"
target = "src/dev/scenes/post-preview.ts"
sig = "3b1ed986703b2730"

[[bindings]]
doc = "docs/vault/Modules/dev.md"
target = "src/dev/scenes/trackkit.ts"
sig = "4fe23bf6f5ca2b6b"

[[bindings]]
doc = "docs/vault/Modules/dev.md"
target = "src/dev/scenes/worldsmoke.ts"
sig = "dcf594af7c381b9d"

[[bindings]]
doc = "docs/vault/Modules/dev.md"
target = "src/main.ts"
sig = "a38e01706f33daf6"

[[bindings]]
doc = "docs/vault/Modules/dev.md"
target = "src/render/post/index.ts"
sig = "62f78226ebf31a56"

[[bindings]]
doc = "docs/vault/Modules/dev.md"
target = "tests/e2e/harness.spec.ts"
sig = "5bb422cad39806e7"

[[bindings]]
doc = "docs/vault/Modules/dev.md"
target = "tests/e2e/post-dispose.spec.ts"
sig = "b478d0af092de344"

[[bindings]]
doc = "docs/vault/Modules/dev.md"
target = "tests/unit/render-post.test.ts"
sig = "f88a45cfb6aaf777"

[[bindings]]
doc = "docs/vault/Modules/dev.md"
target = "tools/render.mjs"
sig = "5455fbef64c07ef3"

[[bindings]]
doc = "docs/vault/Modules/hazards.md"
target = "src/feel/run.ts"
sig = "8fedc4281132602b"

[[bindings]]
doc = "docs/vault/Modules/hazards.md"
target = "src/physics/car.ts"
sig = "371ef988b99714db"

[[bindings]]
doc = "docs/vault/Modules/hazards.md"
target = "src/world/hazards.ts"
sig = "c574d75a051da4fc"

[[bindings]]
doc = "docs/vault/Modules/hazards.md"
target = "src/world/world.ts"
sig = "4d65138cf18983db"

[[bindings]]
doc = "docs/vault/Modules/hazards.md"
target = "tests/unit/hazards.test.ts"
sig = "be1d9f07e84f7b87"

[[bindings]]
doc = "docs/vault/Modules/physics.md"
target = "src/feel/feeltrack.ts"
sig = "cbba72af04a17c24"

[[bindings]]
doc = "docs/vault/Modules/physics.md"
target = "src/physics/car.ts"
sig = "371ef988b99714db"

[[bindings]]
doc = "docs/vault/Modules/physics.md"
target = "src/physics/sim.ts"
sig = "09c7f3eef715d605"

[[bindings]]
doc = "docs/vault/Modules/physics.md"
target = "tests/unit/ablation.test.ts"
sig = "0606c89252f3a2d3"

[[bindings]]
doc = "docs/vault/Modules/physics.md"
target = "tests/unit/world.test.ts"
sig = "9599dbdb90965a2b"

[[bindings]]
doc = "docs/vault/Modules/physics.md"
target = "tools/feel.mjs"
sig = "4c45526e4182ba0a"

[[bindings]]
doc = "docs/vault/Modules/render.md"
target = "src/dev/scenes/cars.ts"
sig = "482eff61dd1440fc"

[[bindings]]
doc = "docs/vault/Modules/render.md"
target = "src/dev/scenes/kitchen-a.ts"
sig = "b3ffed4b20b94135"

[[bindings]]
doc = "docs/vault/Modules/render.md"
target = "src/dev/scenes/kitchen-b.ts"
sig = "9f4bce417acc7d9b"

[[bindings]]
doc = "docs/vault/Modules/render.md"
target = "src/dev/scenes/kitchen-c.ts"
sig = "6076250d77860d77"

[[bindings]]
doc = "docs/vault/Modules/render.md"
target = "src/dev/scenes/material-ramp.ts"
sig = "0b8956e4fdc50db2"

[[bindings]]
doc = "docs/vault/Modules/render.md"
target = "src/render/film.ts"
sig = "2eb775c4288f5c26"

[[bindings]]
doc = "docs/vault/Modules/render.md"
target = "src/render/geometry.ts"
sig = "0e4e78212a50e506"

[[bindings]]
doc = "docs/vault/Modules/render.md"
target = "src/render/lighting.ts"
sig = "492743f87f45cb80"

[[bindings]]
doc = "docs/vault/Modules/render.md"
target = "src/render/materials.ts"
sig = "608391146d0569b3"

[[bindings]]
doc = "docs/vault/Modules/render.md"
target = "src/render/tokens.ts"
sig = "0abdb9a10e2cf1ec"

[[bindings]]
doc = "docs/vault/Modules/render.md"
target = "src/render/toon-material.ts"
sig = "fb99a3c4beafa1af"

[[bindings]]
doc = "docs/vault/Modules/render.md"
target = "tests/e2e/post-dispose.spec.ts"
sig = "b478d0af092de344"

[[bindings]]
doc = "docs/vault/Modules/render.md"
target = "tests/unit/render-materials.test.ts"
sig = "7b31151e38510ae3"

[[bindings]]
doc = "docs/vault/Modules/render.md"
target = "tests/unit/render-post.test.ts"
sig = "f88a45cfb6aaf777"

[[bindings]]
doc = "docs/vault/Modules/render.md"
target = "tests/unit/tokens.test.ts"
sig = "0f065f90d47289b6"

[[bindings]]
doc = "docs/vault/Modules/replay.md"
target = "src/boot.ts"
sig = "4c9afcc6947907d2"

[[bindings]]
doc = "docs/vault/Modules/replay.md"
target = "src/replay/replay.ts"
sig = "358c8994ef168677"

[[bindings]]
doc = "docs/vault/Modules/replay.md"
target = "src/share/card.ts"
sig = "e5ff9f48c99e7ce4"

[[bindings]]
doc = "docs/vault/Modules/replay.md"
target = "tests/e2e/determinism.spec.ts"
sig = "a9ef19f44fc7b9f8"

[[bindings]]
doc = "docs/vault/Modules/replay.md"
target = "tests/e2e/replay.spec.ts"
sig = "3d3537c9c8b3f35a"

[[bindings]]
doc = "docs/vault/Modules/replay.md"
target = "tests/unit/replay.test.ts"
sig = "c55f143b9eaa05bc"

[[bindings]]
doc = "docs/vault/Modules/save.md"
target = "src/boot.ts"
sig = "a5f9887ad551f925"

[[bindings]]
doc = "docs/vault/Modules/save.md"
target = "src/save/save.ts"
sig = "e8e18b481c9da6b8"

[[bindings]]
doc = "docs/vault/Modules/save.md"
target = "src/ui/callouts.ts"
sig = "5848fa5ae3ebf1cd"

[[bindings]]
doc = "docs/vault/Modules/save.md"
target = "src/world/campaign.ts"
sig = "4821650b492f0e16"

[[bindings]]
doc = "docs/vault/Modules/save.md"
target = "tests/unit/callouts.test.ts"
sig = "0fc4d437eb235619"

[[bindings]]
doc = "docs/vault/Modules/save.md"
target = "tests/unit/save.test.ts"
sig = "e3c312180f772ded"

[[bindings]]
doc = "docs/vault/Modules/sets-kitchen.md"
target = "scripts/gen-pars.mjs"
sig = "6c241c0777449045"

[[bindings]]
doc = "docs/vault/Modules/sets-kitchen.md"
target = "src/boot.ts"
sig = "a5f9887ad551f925"

[[bindings]]
doc = "docs/vault/Modules/sets-kitchen.md"
target = "src/dev/scenes/kitchen-set.ts"
sig = "ca72175798caed55"

[[bindings]]
doc = "docs/vault/Modules/sets-kitchen.md"
target = "src/sets/index.ts"
sig = "3eddf140e4a455b4"

[[bindings]]
doc = "docs/vault/Modules/sets-kitchen.md"
target = "src/sets/kitchen/data.ts"
sig = "ab279d61dd7ba620"

[[bindings]]
doc = "docs/vault/Modules/sets-kitchen.md"
target = "src/sets/kitchen/index.ts"
sig = "8d54044f7dd6bb29"

[[bindings]]
doc = "docs/vault/Modules/sets-kitchen.md"
target = "src/world/pars.json"
sig = "b5aadd2f48cccb7c"

[[bindings]]
doc = "docs/vault/Modules/sets-kitchen.md"
target = "src/world/setPlacement.ts"
sig = "85a7523b0e61f555"

[[bindings]]
doc = "docs/vault/Modules/sets-kitchen.md"
target = "tests/unit/kitchen-set.test.ts"
sig = "419088dfb08c761f"

[[bindings]]
doc = "docs/vault/Modules/sets-kitchen.md"
target = "tests/unit/set-wiring.test.ts"
sig = "d09747df96cabfd0"

[[bindings]]
doc = "docs/vault/Modules/sets.md"
target = "docs/explorations/bedroom/production-hero.png"
sig = "30af55b32a0f0f22"

[[bindings]]
doc = "docs/vault/Modules/sets.md"
target = "src/boot.ts"
sig = "011df5ba88f1c831"

[[bindings]]
doc = "docs/vault/Modules/sets.md"
target = "src/dev/scenes/bathroom.ts"
sig = "5347bb2fb13e8a43"

[[bindings]]
doc = "docs/vault/Modules/sets.md"
target = "src/dev/scenes/bedroom-set.ts"
sig = "d0214f900a50cb6e"

[[bindings]]
doc = "docs/vault/Modules/sets.md"
target = "src/dev/scenes/bedroom.ts"
sig = "0a888ace48655987"

[[bindings]]
doc = "docs/vault/Modules/sets.md"
target = "src/render/toon-material.ts"
sig = "fb99a3c4beafa1af"

[[bindings]]
doc = "docs/vault/Modules/sets.md"
target = "src/sets/bathroom/data.ts"
sig = "623f45222e2805d8"

[[bindings]]
doc = "docs/vault/Modules/sets.md"
target = "src/sets/bathroom/index.ts"
sig = "dad45b3cfea30240"

[[bindings]]
doc = "docs/vault/Modules/sets.md"
target = "src/sets/bedroom/data.ts"
sig = "7dddd37e7adaea37"

[[bindings]]
doc = "docs/vault/Modules/sets.md"
target = "src/sets/bedroom/index.ts"
sig = "f619bf84287798df"

[[bindings]]
doc = "docs/vault/Modules/sets.md"
target = "src/sets/garden/data.ts"
sig = "85fea3da970c0e69"

[[bindings]]
doc = "docs/vault/Modules/sets.md"
target = "src/sets/garden/index.ts"
sig = "657bd550d4a7c899"

[[bindings]]
doc = "docs/vault/Modules/sets.md"
target = "src/sets/index.ts"
sig = "075fcdd1b5a7e3a2"

[[bindings]]
doc = "docs/vault/Modules/sets.md"
target = "src/ui/callouts.ts"
sig = "f031673852534133"

[[bindings]]
doc = "docs/vault/Modules/sets.md"
target = "src/world/setPlacement.ts"
sig = "15cd2be53ac85fa6"

[[bindings]]
doc = "docs/vault/Modules/sets.md"
target = "tests/e2e/bedroom-set.spec.ts"
sig = "2b5cfe5d6541e8e3"

[[bindings]]
doc = "docs/vault/Modules/sets.md"
target = "tests/unit/bathroom-levels.test.ts"
sig = "b99bbc25b7209004"

[[bindings]]
doc = "docs/vault/Modules/src.md"
target = "scripts/gen-pars.mjs"
sig = "17598bed0f73a9df"

[[bindings]]
doc = "docs/vault/Modules/src.md"
target = "src/boot.ts"
sig = "4c9afcc6947907d2"

[[bindings]]
doc = "docs/vault/Modules/src.md"
target = "src/dev/harness.ts"
sig = "610e79a40e4f3b0b"

[[bindings]]
doc = "docs/vault/Modules/src.md"
target = "src/main.ts"
sig = "a38e01706f33daf6"

[[bindings]]
doc = "docs/vault/Modules/src.md"
target = "src/sets/index.ts"
sig = "075fcdd1b5a7e3a2"

[[bindings]]
doc = "docs/vault/Modules/src.md"
target = "src/share/card.ts"
sig = "e5ff9f48c99e7ce4"

[[bindings]]
doc = "docs/vault/Modules/src.md"
target = "src/ui/callouts.ts"
sig = "befa699b906bc793"

[[bindings]]
doc = "docs/vault/Modules/src.md"
target = "src/ui/help.ts"
sig = "e18ed0beb7688716"

[[bindings]]
doc = "docs/vault/Modules/src.md"
target = "src/ui/levelselect.ts"
sig = "f4a36e3cd387a3d9"

[[bindings]]
doc = "docs/vault/Modules/src.md"
target = "src/ui/result.ts"
sig = "6362eb2f19b3a9c9"

[[bindings]]
doc = "docs/vault/Modules/src.md"
target = "src/ui/shell.css"
sig = "28aea22cf85b61ab"

[[bindings]]
doc = "docs/vault/Modules/src.md"
target = "src/world/campaign.ts"
sig = "3422122b9708ccd8"

[[bindings]]
doc = "docs/vault/Modules/src.md"
target = "src/world/pars.json"
sig = "61e476e92d2f7b99"

[[bindings]]
doc = "docs/vault/Modules/src.md"
target = "src/world/setPlacement.ts"
sig = "2292c87818bc3c75"

[[bindings]]
doc = "docs/vault/Modules/src.md"
target = "tests/e2e/builder.spec.ts"
sig = "60bd24f845608a6d"

[[bindings]]
doc = "docs/vault/Modules/src.md"
target = "tests/e2e/campaign.spec.ts"
sig = "5fcc46dda50cab70"

[[bindings]]
doc = "docs/vault/Modules/src.md"
target = "tests/e2e/loop.spec.ts"
sig = "c3db0a73d6f927d2"

[[bindings]]
doc = "docs/vault/Modules/src.md"
target = "tests/e2e/result.spec.ts"
sig = "1a9df7373b0a5782"

[[bindings]]
doc = "docs/vault/Modules/src.md"
target = "tests/e2e/shell-truth.spec.ts"
sig = "81c6baa440261d00"

[[bindings]]
doc = "docs/vault/Modules/src.md"
target = "tests/e2e/smoke.spec.ts"
sig = "3dc33ac21de385ff"

[[bindings]]
doc = "docs/vault/Modules/src.md"
target = "tests/unit/boot.test.ts"
sig = "1153168dc3faba19"

[[bindings]]
doc = "docs/vault/Modules/src.md"
target = "tests/unit/camera.test.ts"
sig = "f00a6dbe45a90d4a"

[[bindings]]
doc = "docs/vault/Modules/src.md"
target = "tests/unit/kitchen-levels.test.ts"
sig = "01a43379f62aea63"

[[bindings]]
doc = "docs/vault/Modules/track.md"
target = "src/boot.ts"
sig = "4c9afcc6947907d2"

[[bindings]]
doc = "docs/vault/Modules/track.md"
target = "src/dev/scenes/trackkit.ts"
sig = "4fe23bf6f5ca2b6b"

[[bindings]]
doc = "docs/vault/Modules/track.md"
target = "src/feel/kittrack.ts"
sig = "23d6349a19a9619e"

[[bindings]]
doc = "docs/vault/Modules/track.md"
target = "src/track/build.ts"
sig = "3871041c00d2f83b"

[[bindings]]
doc = "docs/vault/Modules/track.md"
target = "src/track/cross-section.ts"
sig = "8f79e5fc5faffae7"

[[bindings]]
doc = "docs/vault/Modules/track.md"
target = "src/track/material.ts"
sig = "b10082b8262b15be"

[[bindings]]
doc = "docs/vault/Modules/track.md"
target = "src/track/pieces.ts"
sig = "f95f15e27e3ebc58"

[[bindings]]
doc = "docs/vault/Modules/track.md"
target = "src/track/snap.ts"
sig = "92cf24ddcf9e37f8"

[[bindings]]
doc = "docs/vault/Modules/track.md"
target = "src/track/socket.ts"
sig = "e83f876461cb13e5"

[[bindings]]
doc = "docs/vault/Modules/track.md"
target = "src/track/spline.ts"
sig = "94a2ee27e5931879"

[[bindings]]
doc = "docs/vault/Modules/track.md"
target = "src/world/world.ts"
sig = "d37aa2efaf2b9c57"

[[bindings]]
doc = "docs/vault/Modules/track.md"
target = "tests/unit/track-rolling.test.ts"
sig = "39bbfa56d8e2a4d0"

[[bindings]]
doc = "docs/vault/Modules/track.md"
target = "tests/unit/track.test.ts"
sig = "4e0fc998b5b96411"

[[bindings]]
doc = "docs/vault/Modules/ui.md"
target = "src/boot.ts"
sig = "4c9afcc6947907d2"

[[bindings]]
doc = "docs/vault/Modules/ui.md"
target = "src/camera/build-camera.ts"
sig = "afe6f5888b6e1bdb"

[[bindings]]
doc = "docs/vault/Modules/ui.md"
target = "src/main.ts"
sig = "a38e01706f33daf6"

[[bindings]]
doc = "docs/vault/Modules/ui.md"
target = "src/sets/bathroom/index.ts"
sig = "dad45b3cfea30240"

[[bindings]]
doc = "docs/vault/Modules/ui.md"
target = "src/sets/garden/index.ts"
sig = "657bd550d4a7c899"

[[bindings]]
doc = "docs/vault/Modules/ui.md"
target = "src/ui/builder.ts"
sig = "6aea759dcbd60b43"

[[bindings]]
doc = "docs/vault/Modules/ui.md"
target = "src/ui/callouts.ts"
sig = "befa699b906bc793"

[[bindings]]
doc = "docs/vault/Modules/ui.md"
target = "src/ui/help.ts"
sig = "e18ed0beb7688716"

[[bindings]]
doc = "docs/vault/Modules/ui.md"
target = "src/ui/levelselect.ts"
sig = "f4a36e3cd387a3d9"

[[bindings]]
doc = "docs/vault/Modules/ui.md"
target = "src/ui/result.ts"
sig = "6362eb2f19b3a9c9"

[[bindings]]
doc = "docs/vault/Modules/ui.md"
target = "src/ui/shell.css"
sig = "28aea22cf85b61ab"

[[bindings]]
doc = "docs/vault/Modules/ui.md"
target = "src/world/campaign.ts"
sig = "3422122b9708ccd8"

[[bindings]]
doc = "docs/vault/Modules/ui.md"
target = "tests/e2e/build-view.spec.ts"
sig = "4bf12de87802a90c"

[[bindings]]
doc = "docs/vault/Modules/ui.md"
target = "tests/e2e/builder.spec.ts"
sig = "60bd24f845608a6d"

[[bindings]]
doc = "docs/vault/Modules/ui.md"
target = "tests/e2e/campaign.spec.ts"
sig = "5fcc46dda50cab70"

[[bindings]]
doc = "docs/vault/Modules/ui.md"
target = "tests/e2e/labels.spec.ts"
sig = "9c067fac443c7476"

[[bindings]]
doc = "docs/vault/Modules/ui.md"
target = "tests/e2e/loop.spec.ts"
sig = "c3db0a73d6f927d2"

[[bindings]]
doc = "docs/vault/Modules/ui.md"
target = "tests/e2e/playtest-n.spec.ts"
sig = "db966380f14ac686"

[[bindings]]
doc = "docs/vault/Modules/ui.md"
target = "tests/e2e/playtest-pq.spec.ts"
sig = "3e9f629b7509a9de"

[[bindings]]
doc = "docs/vault/Modules/ui.md"
target = "tests/e2e/result.spec.ts"
sig = "1a9df7373b0a5782"

[[bindings]]
doc = "docs/vault/Modules/ui.md"
target = "tests/e2e/shell-truth.spec.ts"
sig = "81c6baa440261d00"

[[bindings]]
doc = "docs/vault/Modules/ui.md"
target = "tests/e2e/shell.spec.ts"
sig = "940f0e902aa3a4ab"

[[bindings]]
doc = "docs/vault/Modules/ui.md"
target = "tests/unit/boot-invariants.test.ts"
sig = "f8c688f0055fa0f4"

[[bindings]]
doc = "docs/vault/Modules/ui.md"
target = "tests/unit/callouts.test.ts"
sig = "0fc4d437eb235619"

[[bindings]]
doc = "docs/vault/Modules/ui.md"
target = "tests/unit/campaign.test.ts"
sig = "b654a3f081d42b62"

[[bindings]]
doc = "docs/vault/Modules/ui.md"
target = "tests/unit/kitchen-levels.test.ts"
sig = "01a43379f62aea63"

[[bindings]]
doc = "docs/vault/Modules/ui.md"
target = "tests/unit/result.test.ts"
sig = "221ff8f316aca8d1"

[[bindings]]
doc = "docs/vault/Modules/ui.md"
target = "tests/unit/save.test.ts"
sig = "e3c312180f772ded"

[[bindings]]
doc = "docs/vault/Modules/ui.md"
target = "tests/unit/stars.test.ts"
sig = "9c8845acdac5df6e"

[[bindings]]
doc = "docs/vault/Modules/world.md"
target = "docs/vault/Modules/replay.md"
sig = "e72d5eeecb70e59b"

[[bindings]]
doc = "docs/vault/Modules/world.md"
target = "scripts/gen-pars.mjs"
sig = "17598bed0f73a9df"

[[bindings]]
doc = "docs/vault/Modules/world.md"
target = "src/boot.ts"
sig = "4c9afcc6947907d2"

[[bindings]]
doc = "docs/vault/Modules/world.md"
target = "src/feel/feeltrack.ts"
sig = "cbba72af04a17c24"

[[bindings]]
doc = "docs/vault/Modules/world.md"
target = "src/feel/kittrack.ts"
sig = "23d6349a19a9619e"

[[bindings]]
doc = "docs/vault/Modules/world.md"
target = "src/physics/car.ts"
sig = "371ef988b99714db"

[[bindings]]
doc = "docs/vault/Modules/world.md"
target = "src/track/build.ts"
sig = "3871041c00d2f83b"

[[bindings]]
doc = "docs/vault/Modules/world.md"
target = "src/track/material.ts"
sig = "b10082b8262b15be"

[[bindings]]
doc = "docs/vault/Modules/world.md"
target = "src/world/campaign.ts"
sig = "3422122b9708ccd8"

[[bindings]]
doc = "docs/vault/Modules/world.md"
target = "src/world/hazards.ts"
sig = "c574d75a051da4fc"

[[bindings]]
doc = "docs/vault/Modules/world.md"
target = "src/world/level.ts"
sig = "d9b324167989351e"

[[bindings]]
doc = "docs/vault/Modules/world.md"
target = "src/world/levels/feeltrack.level.ts"
sig = "fb06ede3e0b45cba"

[[bindings]]
doc = "docs/vault/Modules/world.md"
target = "src/world/pars.json"
sig = "61e476e92d2f7b99"

[[bindings]]
doc = "docs/vault/Modules/world.md"
target = "src/world/setPlacement.ts"
sig = "15cd2be53ac85fa6"

[[bindings]]
doc = "docs/vault/Modules/world.md"
target = "src/world/stars.ts"
sig = "6178c7e423d10226"

[[bindings]]
doc = "docs/vault/Modules/world.md"
target = "src/world/world.ts"
sig = "d37aa2efaf2b9c57"

[[bindings]]
doc = "docs/vault/Modules/world.md"
target = "tests/unit/bathroom-levels.test.ts"
sig = "b99bbc25b7209004"

[[bindings]]
doc = "docs/vault/Modules/world.md"
target = "tests/unit/bedroom-levels.test.ts"
sig = "338d30a9c8c79868"

[[bindings]]
doc = "docs/vault/Modules/world.md"
target = "tests/unit/campaign.test.ts"
sig = "b654a3f081d42b62"

[[bindings]]
doc = "docs/vault/Modules/world.md"
target = "tests/unit/feeltrack-level.test.ts"
sig = "76aa13d75bc81d94"

[[bindings]]
doc = "docs/vault/Modules/world.md"
target = "tests/unit/garden-levels.test.ts"
sig = "c7d9abdf2d44719f"

[[bindings]]
doc = "docs/vault/Modules/world.md"
target = "tests/unit/juice.test.ts"
sig = "f560623ad3d27479"

[[bindings]]
doc = "docs/vault/Modules/world.md"
target = "tests/unit/replay.test.ts"
sig = "c55f143b9eaa05bc"

[[bindings]]
doc = "docs/vault/Modules/world.md"
target = "tests/unit/set-wiring.test.ts"
sig = "9d3eaca58139464d"

[[bindings]]
doc = "docs/vault/Modules/world.md"
target = "tests/unit/stars.test.ts"
sig = "9c8845acdac5df6e"

[[bindings]]
doc = "docs/vault/Modules/world.md"
target = "tests/unit/world.test.ts"
sig = "9599dbdb90965a2b"

[[bindings]]
doc = "docs/vault/Reference/Canonical Cameras.md"
target = "src/dev/cameras.ts"
sig = "510190c1b1f2cc56"

[[bindings]]
doc = "docs/vault/Reference/Level Ladder.md"
target = "scripts/gen-pars.mjs"
sig = "17598bed0f73a9df"

[[bindings]]
doc = "docs/vault/Reference/Level Ladder.md"
target = "src/boot.ts"
sig = "4c9afcc6947907d2"

[[bindings]]
doc = "docs/vault/Reference/Level Ladder.md"
target = "src/replay/replay.ts"
sig = "358c8994ef168677"

[[bindings]]
doc = "docs/vault/Reference/Level Ladder.md"
target = "src/ui/builder.ts"
sig = "6aea759dcbd60b43"

[[bindings]]
doc = "docs/vault/Reference/Level Ladder.md"
target = "src/world/pars.json"
sig = "61e476e92d2f7b99"

[[bindings]]
doc = "docs/vault/Reference/Level Ladder.md"
target = "tests/e2e/shell.spec.ts"
sig = "940f0e902aa3a4ab"

[[bindings]]
doc = "docs/vault/Reference/Level Ladder.md"
target = "tests/unit/bathroom-levels.test.ts"
sig = "b99bbc25b7209004"

[[bindings]]
doc = "docs/vault/Reference/Level Ladder.md"
target = "tests/unit/bedroom-levels.test.ts"
sig = "338d30a9c8c79868"

[[bindings]]
doc = "docs/vault/Reference/Level Ladder.md"
target = "tests/unit/garage-levels.test.ts"
sig = "800fee48870c9ed6"

[[bindings]]
doc = "docs/vault/Reference/Level Ladder.md"
target = "tests/unit/garden-levels.test.ts"
sig = "c7d9abdf2d44719f"

[[bindings]]
doc = "docs/vault/Reference/Level Ladder.md"
target = "tests/unit/kitchen-levels.test.ts"
sig = "01a43379f62aea63"
