version = 1

[[bindings]]
doc = "docs/vault/Concepts/Levels.md"
target = "docs/vault/Modules/feel.md"
sig = "e4e17cd7588ac713"

[[bindings]]
doc = "docs/vault/Concepts/Levels.md"
target = "scripts/gen-pars.mjs"
sig = "50e1e4e590026781"

[[bindings]]
doc = "docs/vault/Concepts/Levels.md"
target = "src/boot.ts"
sig = "54122b4f45b22acf"

[[bindings]]
doc = "docs/vault/Concepts/Levels.md"
target = "src/replay/replay.ts"
sig = "358c8994ef168677"

[[bindings]]
doc = "docs/vault/Concepts/Levels.md"
target = "src/ui/builder.ts"
sig = "08d1185c8ffef6f6"

[[bindings]]
doc = "docs/vault/Concepts/Levels.md"
target = "src/world/hazards.ts"
sig = "c574d75a051da4fc"

[[bindings]]
doc = "docs/vault/Concepts/Levels.md"
target = "src/world/level.ts"
sig = "d9b324167989351e"

[[bindings]]
doc = "docs/vault/Concepts/Levels.md"
target = "src/world/levels/kitchen01.level.ts"
sig = "ce2f3bd36ac059e9"

[[bindings]]
doc = "docs/vault/Concepts/Levels.md"
target = "src/world/levels/kitchen05.level.ts"
sig = "7cdc65e3b90d60bf"

[[bindings]]
doc = "docs/vault/Concepts/Levels.md"
target = "src/world/pars.json"
sig = "92744a37d40e4d14"

[[bindings]]
doc = "docs/vault/Concepts/Levels.md"
target = "src/world/setPlacement.ts"
sig = "2292c87818bc3c75"

[[bindings]]
doc = "docs/vault/Concepts/Levels.md"
target = "tests/e2e/shell.spec.ts"
sig = "45b11fb79ed335b3"

[[bindings]]
doc = "docs/vault/Concepts/Levels.md"
target = "tests/unit/kitchen-levels.test.ts"
sig = "6cfd5eecd7030f53"

[[bindings]]
doc = "docs/vault/Concepts/Levels.md"
target = "tests/unit/set-wiring.test.ts"
sig = "13b4636cb503cb29"

[[bindings]]
doc = "docs/vault/Modules/camera.md"
target = "src/boot.ts"
sig = "54122b4f45b22acf"

[[bindings]]
doc = "docs/vault/Modules/camera.md"
target = "src/camera/run-camera.ts"
sig = "16582051e5b374ca"

[[bindings]]
doc = "docs/vault/Modules/camera.md"
target = "src/feel/kittrack.ts"
sig = "23d6349a19a9619e"

[[bindings]]
doc = "docs/vault/Modules/camera.md"
target = "src/track/spline.ts"
sig = "94a2ee27e5931879"

[[bindings]]
doc = "docs/vault/Modules/camera.md"
target = "tests/e2e/filmstrip.spec.ts"
sig = "2a1dc7a25b85c1c2"

[[bindings]]
doc = "docs/vault/Modules/camera.md"
target = "tests/e2e/loop.spec.ts"
sig = "9d39000b0a52da53"

[[bindings]]
doc = "docs/vault/Modules/camera.md"
target = "tests/unit/camera.test.ts"
sig = "61f96bcfc29be4f3"

[[bindings]]
doc = "docs/vault/Modules/dev.md"
target = "src/dev/cameras.ts"
sig = "d9487cabf08239c0"

[[bindings]]
doc = "docs/vault/Modules/dev.md"
target = "src/dev/harness.ts"
sig = "e9f3f302c84f7af6"

[[bindings]]
doc = "docs/vault/Modules/dev.md"
target = "src/dev/post-params.ts"
sig = "eb7edff0fcbccfaa"

[[bindings]]
doc = "docs/vault/Modules/dev.md"
target = "src/dev/registry.ts"
sig = "08ebfda14427ef24"

[[bindings]]
doc = "docs/vault/Modules/dev.md"
target = "src/dev/scenes/cars.ts"
sig = "482eff61dd1440fc"

[[bindings]]
doc = "docs/vault/Modules/dev.md"
target = "src/dev/scenes/kitchen-a.ts"
sig = "b3ffed4b20b94135"

[[bindings]]
doc = "docs/vault/Modules/dev.md"
target = "src/dev/scenes/kitchen-b.ts"
sig = "9f4bce417acc7d9b"

[[bindings]]
doc = "docs/vault/Modules/dev.md"
target = "src/dev/scenes/kitchen-c.ts"
sig = "6076250d77860d77"

[[bindings]]
doc = "docs/vault/Modules/dev.md"
target = "src/dev/scenes/kitchen-set.ts"
sig = "ca72175798caed55"

[[bindings]]
doc = "docs/vault/Modules/dev.md"
target = "src/dev/scenes/material-ramp.ts"
sig = "0b8956e4fdc50db2"

[[bindings]]
doc = "docs/vault/Modules/dev.md"
target = "src/dev/scenes/post-preview.ts"
sig = "3b1ed986703b2730"

[[bindings]]
doc = "docs/vault/Modules/dev.md"
target = "src/dev/scenes/trackkit.ts"
sig = "4fe23bf6f5ca2b6b"

[[bindings]]
doc = "docs/vault/Modules/dev.md"
target = "src/dev/scenes/worldsmoke.ts"
sig = "dcf594af7c381b9d"

[[bindings]]
doc = "docs/vault/Modules/dev.md"
target = "src/main.ts"
sig = "a38e01706f33daf6"

[[bindings]]
doc = "docs/vault/Modules/dev.md"
target = "src/render/post/index.ts"
sig = "4a469790ac8350aa"

[[bindings]]
doc = "docs/vault/Modules/dev.md"
target = "tests/e2e/harness.spec.ts"
sig = "5bb422cad39806e7"

[[bindings]]
doc = "docs/vault/Modules/dev.md"
target = "tests/unit/render-post.test.ts"
sig = "f88a45cfb6aaf777"

[[bindings]]
doc = "docs/vault/Modules/dev.md"
target = "tools/render.mjs"
sig = "5455fbef64c07ef3"

[[bindings]]
doc = "docs/vault/Modules/render.md"
target = "src/dev/scenes/cars.ts"
sig = "482eff61dd1440fc"

[[bindings]]
doc = "docs/vault/Modules/render.md"
target = "src/dev/scenes/kitchen-a.ts"
sig = "b3ffed4b20b94135"

[[bindings]]
doc = "docs/vault/Modules/render.md"
target = "src/dev/scenes/kitchen-b.ts"
sig = "9f4bce417acc7d9b"

[[bindings]]
doc = "docs/vault/Modules/render.md"
target = "src/dev/scenes/kitchen-c.ts"
sig = "6076250d77860d77"

[[bindings]]
doc = "docs/vault/Modules/render.md"
target = "src/dev/scenes/material-ramp.ts"
sig = "0b8956e4fdc50db2"

[[bindings]]
doc = "docs/vault/Modules/render.md"
target = "src/render/film.ts"
sig = "2eb775c4288f5c26"

[[bindings]]
doc = "docs/vault/Modules/render.md"
target = "src/render/geometry.ts"
sig = "0e4e78212a50e506"

[[bindings]]
doc = "docs/vault/Modules/render.md"
target = "src/render/lighting.ts"
sig = "0f44d434a7edb272"

[[bindings]]
doc = "docs/vault/Modules/render.md"
target = "src/render/materials.ts"
sig = "608391146d0569b3"

[[bindings]]
doc = "docs/vault/Modules/render.md"
target = "src/render/tokens.ts"
sig = "23049e685bb54f7b"

[[bindings]]
doc = "docs/vault/Modules/render.md"
target = "src/render/toon-material.ts"
sig = "70ac714cea9ffc13"

[[bindings]]
doc = "docs/vault/Modules/render.md"
target = "tests/unit/render-materials.test.ts"
sig = "7b31151e38510ae3"

[[bindings]]
doc = "docs/vault/Modules/render.md"
target = "tests/unit/render-post.test.ts"
sig = "f88a45cfb6aaf777"

[[bindings]]
doc = "docs/vault/Modules/render.md"
target = "tests/unit/tokens.test.ts"
sig = "0f065f90d47289b6"

[[bindings]]
doc = "docs/vault/Modules/sets-kitchen.md"
target = "src/boot.ts"
sig = "54122b4f45b22acf"

[[bindings]]
doc = "docs/vault/Modules/sets-kitchen.md"
target = "src/dev/scenes/kitchen-set.ts"
sig = "ca72175798caed55"

[[bindings]]
doc = "docs/vault/Modules/sets-kitchen.md"
target = "src/sets/kitchen/data.ts"
sig = "ab279d61dd7ba620"

[[bindings]]
doc = "docs/vault/Modules/sets-kitchen.md"
target = "src/sets/kitchen/index.ts"
sig = "8d54044f7dd6bb29"

[[bindings]]
doc = "docs/vault/Modules/sets-kitchen.md"
target = "src/world/setPlacement.ts"
sig = "2292c87818bc3c75"

[[bindings]]
doc = "docs/vault/Modules/sets-kitchen.md"
target = "tests/unit/kitchen-set.test.ts"
sig = "419088dfb08c761f"

[[bindings]]
doc = "docs/vault/Modules/src.md"
target = "scripts/gen-pars.mjs"
sig = "50e1e4e590026781"

[[bindings]]
doc = "docs/vault/Modules/src.md"
target = "src/boot.ts"
sig = "54122b4f45b22acf"

[[bindings]]
doc = "docs/vault/Modules/src.md"
target = "src/dev/harness.ts"
sig = "e9f3f302c84f7af6"

[[bindings]]
doc = "docs/vault/Modules/src.md"
target = "src/main.ts"
sig = "a38e01706f33daf6"

[[bindings]]
doc = "docs/vault/Modules/src.md"
target = "src/share/card.ts"
sig = "8d31a5f11fce6b60"

[[bindings]]
doc = "docs/vault/Modules/src.md"
target = "src/ui/callouts.ts"
sig = "8be566b967157c23"

[[bindings]]
doc = "docs/vault/Modules/src.md"
target = "src/ui/help.ts"
sig = "37b1fdac2d8feb62"

[[bindings]]
doc = "docs/vault/Modules/src.md"
target = "src/ui/result.ts"
sig = "c3212c287d987cae"

[[bindings]]
doc = "docs/vault/Modules/src.md"
target = "src/ui/shell.css"
sig = "d39584ece59db658"

[[bindings]]
doc = "docs/vault/Modules/src.md"
target = "src/world/pars.json"
sig = "92744a37d40e4d14"

[[bindings]]
doc = "docs/vault/Modules/src.md"
target = "src/world/setPlacement.ts"
sig = "2292c87818bc3c75"

[[bindings]]
doc = "docs/vault/Modules/src.md"
target = "tests/e2e/builder.spec.ts"
sig = "720fc204782c6553"

[[bindings]]
doc = "docs/vault/Modules/src.md"
target = "tests/e2e/loop.spec.ts"
sig = "9d39000b0a52da53"

[[bindings]]
doc = "docs/vault/Modules/src.md"
target = "tests/e2e/result.spec.ts"
sig = "5b34c91454d2dbdb"

[[bindings]]
doc = "docs/vault/Modules/src.md"
target = "tests/e2e/smoke.spec.ts"
sig = "3dc33ac21de385ff"

[[bindings]]
doc = "docs/vault/Modules/src.md"
target = "tests/unit/boot.test.ts"
sig = "65bae38f778f4845"

[[bindings]]
doc = "docs/vault/Modules/src.md"
target = "tests/unit/kitchen-levels.test.ts"
sig = "6cfd5eecd7030f53"

[[bindings]]
doc = "docs/vault/Modules/ui.md"
target = "src/boot.ts"
sig = "54122b4f45b22acf"

[[bindings]]
doc = "docs/vault/Modules/ui.md"
target = "src/main.ts"
sig = "a38e01706f33daf6"

[[bindings]]
doc = "docs/vault/Modules/ui.md"
target = "src/ui/builder.ts"
sig = "08d1185c8ffef6f6"

[[bindings]]
doc = "docs/vault/Modules/ui.md"
target = "src/ui/callouts.ts"
sig = "8be566b967157c23"

[[bindings]]
doc = "docs/vault/Modules/ui.md"
target = "src/ui/help.ts"
sig = "37b1fdac2d8feb62"

[[bindings]]
doc = "docs/vault/Modules/ui.md"
target = "src/ui/result.ts"
sig = "c3212c287d987cae"

[[bindings]]
doc = "docs/vault/Modules/ui.md"
target = "src/ui/shell.css"
sig = "d39584ece59db658"

[[bindings]]
doc = "docs/vault/Modules/ui.md"
target = "tests/e2e/builder.spec.ts"
sig = "720fc204782c6553"

[[bindings]]
doc = "docs/vault/Modules/ui.md"
target = "tests/e2e/loop.spec.ts"
sig = "9d39000b0a52da53"

[[bindings]]
doc = "docs/vault/Modules/ui.md"
target = "tests/e2e/result.spec.ts"
sig = "5b34c91454d2dbdb"

[[bindings]]
doc = "docs/vault/Modules/ui.md"
target = "tests/e2e/shell.spec.ts"
sig = "45b11fb79ed335b3"

[[bindings]]
doc = "docs/vault/Modules/ui.md"
target = "tests/unit/callouts.test.ts"
sig = "3b56360f3ee33265"

[[bindings]]
doc = "docs/vault/Modules/ui.md"
target = "tests/unit/kitchen-levels.test.ts"
sig = "6cfd5eecd7030f53"

[[bindings]]
doc = "docs/vault/Modules/ui.md"
target = "tests/unit/result.test.ts"
sig = "315d9e31da4d0d73"

[[bindings]]
doc = "docs/vault/Modules/ui.md"
target = "tests/unit/stars.test.ts"
sig = "b50f641ba3dc6dc1"

[[bindings]]
doc = "docs/vault/Modules/world.md"
target = "docs/vault/Modules/replay.md"
sig = "2dc0fc06f1637093"

[[bindings]]
doc = "docs/vault/Modules/world.md"
target = "scripts/gen-pars.mjs"
sig = "50e1e4e590026781"

[[bindings]]
doc = "docs/vault/Modules/world.md"
target = "src/boot.ts"
sig = "54122b4f45b22acf"

[[bindings]]
doc = "docs/vault/Modules/world.md"
target = "src/feel/feeltrack.ts"
sig = "cbba72af04a17c24"

[[bindings]]
doc = "docs/vault/Modules/world.md"
target = "src/feel/kittrack.ts"
sig = "23d6349a19a9619e"

[[bindings]]
doc = "docs/vault/Modules/world.md"
target = "src/physics/car.ts"
sig = "371ef988b99714db"

[[bindings]]
doc = "docs/vault/Modules/world.md"
target = "src/track/material.ts"
sig = "c4f0e21791027cfa"

[[bindings]]
doc = "docs/vault/Modules/world.md"
target = "src/world/hazards.ts"
sig = "c574d75a051da4fc"

[[bindings]]
doc = "docs/vault/Modules/world.md"
target = "src/world/level.ts"
sig = "d9b324167989351e"

[[bindings]]
doc = "docs/vault/Modules/world.md"
target = "src/world/levels/feeltrack.level.ts"
sig = "fb06ede3e0b45cba"

[[bindings]]
doc = "docs/vault/Modules/world.md"
target = "src/world/pars.json"
sig = "92744a37d40e4d14"

[[bindings]]
doc = "docs/vault/Modules/world.md"
target = "src/world/setPlacement.ts"
sig = "2292c87818bc3c75"

[[bindings]]
doc = "docs/vault/Modules/world.md"
target = "src/world/stars.ts"
sig = "6178c7e423d10226"

[[bindings]]
doc = "docs/vault/Modules/world.md"
target = "src/world/world.ts"
sig = "4d65138cf18983db"

[[bindings]]
doc = "docs/vault/Modules/world.md"
target = "tests/unit/feeltrack-level.test.ts"
sig = "76aa13d75bc81d94"

[[bindings]]
doc = "docs/vault/Modules/world.md"
target = "tests/unit/juice.test.ts"
sig = "f560623ad3d27479"

[[bindings]]
doc = "docs/vault/Modules/world.md"
target = "tests/unit/replay.test.ts"
sig = "c55f143b9eaa05bc"

[[bindings]]
doc = "docs/vault/Modules/world.md"
target = "tests/unit/set-wiring.test.ts"
sig = "13b4636cb503cb29"

[[bindings]]
doc = "docs/vault/Modules/world.md"
target = "tests/unit/stars.test.ts"
sig = "b50f641ba3dc6dc1"

[[bindings]]
doc = "docs/vault/Modules/world.md"
target = "tests/unit/world.test.ts"
sig = "8917cdf1c38db74e"

[[bindings]]
doc = "docs/vault/Reference/Level Ladder.md"
target = "scripts/gen-pars.mjs"
sig = "50e1e4e590026781"

[[bindings]]
doc = "docs/vault/Reference/Level Ladder.md"
target = "src/boot.ts"
sig = "54122b4f45b22acf"

[[bindings]]
doc = "docs/vault/Reference/Level Ladder.md"
target = "src/replay/replay.ts"
sig = "358c8994ef168677"

[[bindings]]
doc = "docs/vault/Reference/Level Ladder.md"
target = "src/ui/builder.ts"
sig = "08d1185c8ffef6f6"

[[bindings]]
doc = "docs/vault/Reference/Level Ladder.md"
target = "src/world/pars.json"
sig = "92744a37d40e4d14"

[[bindings]]
doc = "docs/vault/Reference/Level Ladder.md"
target = "tests/e2e/shell.spec.ts"
sig = "45b11fb79ed335b3"

[[bindings]]
doc = "docs/vault/Reference/Level Ladder.md"
target = "tests/unit/kitchen-levels.test.ts"
sig = "6cfd5eecd7030f53"
