version = 1

[[bindings]]
doc = "docs/vault/Concepts/Levels.md"
target = "docs/vault/Modules/feel.md"
sig = "e4e17cd7588ac713"

[[bindings]]
doc = "docs/vault/Concepts/Levels.md"
target = "scripts/gen-pars.mjs"
sig = "2bcbeeffa80b98e6"

[[bindings]]
doc = "docs/vault/Concepts/Levels.md"
target = "src/boot.ts"
sig = "0dfeaf8ad6e0eb41"

[[bindings]]
doc = "docs/vault/Concepts/Levels.md"
target = "src/pages/farewell.ts"
sig = "13895d12d8fb8830"

[[bindings]]
doc = "docs/vault/Concepts/Levels.md"
target = "src/replay/replay.ts"
sig = "6485563f5203b12f"

[[bindings]]
doc = "docs/vault/Concepts/Levels.md"
target = "src/save/daily.ts"
sig = "35ebd45a1b175f39"

[[bindings]]
doc = "docs/vault/Concepts/Levels.md"
target = "src/sets/bathroom/data.ts"
sig = "02318c487c20c648"

[[bindings]]
doc = "docs/vault/Concepts/Levels.md"
target = "src/sets/garage/data.ts"
sig = "8551d9f1b5a307fb"

[[bindings]]
doc = "docs/vault/Concepts/Levels.md"
target = "src/sets/garage/index.ts"
sig = "39eebe9f4715d7e0"

[[bindings]]
doc = "docs/vault/Concepts/Levels.md"
target = "src/sets/garden/data.ts"
sig = "85fea3da970c0e69"

[[bindings]]
doc = "docs/vault/Concepts/Levels.md"
target = "src/sets/porch/data.ts"
sig = "c6f64cb86daf87db"

[[bindings]]
doc = "docs/vault/Concepts/Levels.md"
target = "src/share/share.ts"
sig = "fc117b5b67ee7421"

[[bindings]]
doc = "docs/vault/Concepts/Levels.md"
target = "src/ui/advice.ts"
sig = "2833cd05625ea55b"

[[bindings]]
doc = "docs/vault/Concepts/Levels.md"
target = "src/ui/builder.ts"
sig = "d06b8e347831f95d"

[[bindings]]
doc = "docs/vault/Concepts/Levels.md"
target = "src/ui/callouts.ts"
sig = "b031100c960752c8"

[[bindings]]
doc = "docs/vault/Concepts/Levels.md"
target = "src/world/hazards.ts"
sig = "c574d75a051da4fc"

[[bindings]]
doc = "docs/vault/Concepts/Levels.md"
target = "src/world/level.ts"
sig = "9554459c845c18c0"

[[bindings]]
doc = "docs/vault/Concepts/Levels.md"
target = "src/world/levels/bathroom01.level.ts"
sig = "c0350a92ffc31013"

[[bindings]]
doc = "docs/vault/Concepts/Levels.md"
target = "src/world/levels/bedroom01.level.ts"
sig = "11a9f03446ece42f"

[[bindings]]
doc = "docs/vault/Concepts/Levels.md"
target = "src/world/levels/garden01.level.ts"
sig = "2b6ce57e7cdf3c0b"

[[bindings]]
doc = "docs/vault/Concepts/Levels.md"
target = "src/world/levels/kitchen01.level.ts"
sig = "98370b678f88aac8"

[[bindings]]
doc = "docs/vault/Concepts/Levels.md"
target = "src/world/levels/kitchen05.level.ts"
sig = "e123971bb17db1e4"

[[bindings]]
doc = "docs/vault/Concepts/Levels.md"
target = "src/world/pars.json"
sig = "f788a39535afc79f"

[[bindings]]
doc = "docs/vault/Concepts/Levels.md"
target = "src/world/setPlacement.ts"
sig = "6143c0d8b5dcd826"

[[bindings]]
doc = "docs/vault/Concepts/Levels.md"
target = "tests/e2e/campaign.spec.ts"
sig = "ec632ace702f8f1d"

[[bindings]]
doc = "docs/vault/Concepts/Levels.md"
target = "tests/e2e/farewell.spec.ts"
sig = "0ab919cfb7fa8035"

[[bindings]]
doc = "docs/vault/Concepts/Levels.md"
target = "tests/e2e/goal-rung.spec.ts"
sig = "2706abc9c3520c34"

[[bindings]]
doc = "docs/vault/Concepts/Levels.md"
target = "tests/e2e/program-voice.spec.ts"
sig = "912aba87fc30d6a6"

[[bindings]]
doc = "docs/vault/Concepts/Levels.md"
target = "tests/e2e/shell.spec.ts"
sig = "e3af45be087e308b"

[[bindings]]
doc = "docs/vault/Concepts/Levels.md"
target = "tests/e2e/stage6-encore-brevity.spec.ts"
sig = "c35c5a1fd834e557"

[[bindings]]
doc = "docs/vault/Concepts/Levels.md"
target = "tests/e2e/stage6-sandboxes.spec.ts"
sig = "5293dfbd61cb70c1"

[[bindings]]
doc = "docs/vault/Concepts/Levels.md"
target = "tests/unit/bathroom-levels.test.ts"
sig = "ba659c879db5645d"

[[bindings]]
doc = "docs/vault/Concepts/Levels.md"
target = "tests/unit/bedroom-levels.test.ts"
sig = "c6727c5573198b2f"

[[bindings]]
doc = "docs/vault/Concepts/Levels.md"
target = "tests/unit/boot-invariants.test.ts"
sig = "f8c688f0055fa0f4"

[[bindings]]
doc = "docs/vault/Concepts/Levels.md"
target = "tests/unit/garage-levels.test.ts"
sig = "4af7b89f1da31bea"

[[bindings]]
doc = "docs/vault/Concepts/Levels.md"
target = "tests/unit/garden-levels.test.ts"
sig = "54cd7db6f57bd392"

[[bindings]]
doc = "docs/vault/Concepts/Levels.md"
target = "tests/unit/goal-guard.test.ts"
sig = "177b82a748d9f320"

[[bindings]]
doc = "docs/vault/Concepts/Levels.md"
target = "tests/unit/kitchen-levels.test.ts"
sig = "9c6d05daff1e0345"

[[bindings]]
doc = "docs/vault/Concepts/Levels.md"
target = "tests/unit/porch-levels.test.ts"
sig = "05ccd6489c396eaa"

[[bindings]]
doc = "docs/vault/Concepts/Levels.md"
target = "tests/unit/set-wiring.test.ts"
sig = "68f378bf54ee5d36"

[[bindings]]
doc = "docs/vault/Concepts/Performance.md"
target = "tests/e2e/perf-stage3.spec.ts"
sig = "2648b709ac3796c8"

[[bindings]]
doc = "docs/vault/Home.md"
target = "docs/vault/Reference/hash-atlas.json"
sig = "d01d2ba38efcad2e"

[[bindings]]
doc = "docs/vault/Home.md"
target = "src/boot.ts"
sig = "d908a2e0338e321e"

[[bindings]]
doc = "docs/vault/Home.md"
target = "src/camera/build-camera.ts"
sig = "97bc8bf7f213f2b6"

[[bindings]]
doc = "docs/vault/Home.md"
target = "src/track/build.ts"
sig = "3871041c00d2f83b"

[[bindings]]
doc = "docs/vault/Home.md"
target = "src/ui/shell.css"
sig = "61ab15f3184ad775"

[[bindings]]
doc = "docs/vault/Home.md"
target = "src/world/campaign.ts"
sig = "7122eb3cbe17e954"

[[bindings]]
doc = "docs/vault/Home.md"
target = "src/world/setPlacement.ts"
sig = "6143c0d8b5dcd826"

[[bindings]]
doc = "docs/vault/Home.md"
target = "tests/e2e/filmstrip.spec.ts"
sig = "5636ae9f5e71b390"

[[bindings]]
doc = "docs/vault/Home.md"
target = "tests/e2e/playtest-y-clickdiff.spec.ts"
sig = "d5b3f3ece12aa46f"

[[bindings]]
doc = "docs/vault/Home.md"
target = "tests/e2e/sound.spec.ts"
sig = "8b6d99b6cea551bc"

[[bindings]]
doc = "docs/vault/Home.md"
target = "tests/e2e/stage5-ready.spec.ts"
sig = "83df9f2b46efb33d"

[[bindings]]
doc = "docs/vault/Home.md"
target = "tools/hash-atlas.mjs"
sig = "1becf3bba294d4ef"

[[bindings]]
doc = "docs/vault/Home.md"
target = "tools/histogram.mjs"
sig = "cb7dd5d5414784c4"

[[bindings]]
doc = "docs/vault/Modules/camera.md"
target = "src/boot.ts"
sig = "17a52a489568f8bf"

[[bindings]]
doc = "docs/vault/Modules/camera.md"
target = "src/camera/build-camera.ts"
sig = "97bc8bf7f213f2b6"

[[bindings]]
doc = "docs/vault/Modules/camera.md"
target = "src/camera/run-camera.ts"
sig = "b6da8f847549e8cc"

[[bindings]]
doc = "docs/vault/Modules/camera.md"
target = "src/feel/kittrack.ts"
sig = "23d6349a19a9619e"

[[bindings]]
doc = "docs/vault/Modules/camera.md"
target = "src/pages/farewell.ts"
sig = "13895d12d8fb8830"

[[bindings]]
doc = "docs/vault/Modules/camera.md"
target = "src/pages/mount.ts"
sig = "057fe1e7cdcc19ed"

[[bindings]]
doc = "docs/vault/Modules/camera.md"
target = "src/replay/cinematic.ts"
sig = "7bb6815e1252b824"

[[bindings]]
doc = "docs/vault/Modules/camera.md"
target = "src/track/spline.ts"
sig = "94a2ee27e5931879"

[[bindings]]
doc = "docs/vault/Modules/camera.md"
target = "src/ui/motion.ts"
sig = "e9d8f319019cbe3a"

[[bindings]]
doc = "docs/vault/Modules/camera.md"
target = "tests/e2e/a11y-touch.spec.ts"
sig = "229f69d886fdc4b6"

[[bindings]]
doc = "docs/vault/Modules/camera.md"
target = "tests/e2e/build-view.spec.ts"
sig = "89483735cca2eb87"

[[bindings]]
doc = "docs/vault/Modules/camera.md"
target = "tests/e2e/camera-torture.spec.ts"
sig = "51a7558d3b260ed0"

[[bindings]]
doc = "docs/vault/Modules/camera.md"
target = "tests/e2e/filmstrip.spec.ts"
sig = "5636ae9f5e71b390"

[[bindings]]
doc = "docs/vault/Modules/camera.md"
target = "tests/e2e/loop.spec.ts"
sig = "d4c50c7057aafa6c"

[[bindings]]
doc = "docs/vault/Modules/camera.md"
target = "tests/e2e/playtest-tu.spec.ts"
sig = "f2bf545d550efbb9"

[[bindings]]
doc = "docs/vault/Modules/camera.md"
target = "tests/e2e/playtest-y-clickdiff.spec.ts"
sig = "d46c82ea92f7d9d6"

[[bindings]]
doc = "docs/vault/Modules/camera.md"
target = "tests/e2e/share-replay.spec.ts"
sig = "2cfac64c23934506"

[[bindings]]
doc = "docs/vault/Modules/camera.md"
target = "tests/unit/build-camera.test.ts"
sig = "20b9d095e17ced76"

[[bindings]]
doc = "docs/vault/Modules/camera.md"
target = "tests/unit/camera.test.ts"
sig = "f00a6dbe45a90d4a"

[[bindings]]
doc = "docs/vault/Modules/camera.md"
target = "tests/unit/cinematic.test.ts"
sig = "9c9c7f1b81ffd43c"

[[bindings]]
doc = "docs/vault/Modules/camera.md"
target = "tests/unit/farewell.test.ts"
sig = "17ab5e19a4c746d3"

[[bindings]]
doc = "docs/vault/Modules/dev.md"
target = "src/dev/cameras.ts"
sig = "f82276202a825f48"

[[bindings]]
doc = "docs/vault/Modules/dev.md"
target = "src/dev/harness.ts"
sig = "cbba3e39288b4433"

[[bindings]]
doc = "docs/vault/Modules/dev.md"
target = "src/dev/post-params.ts"
sig = "eb7edff0fcbccfaa"

[[bindings]]
doc = "docs/vault/Modules/dev.md"
target = "src/dev/registry.ts"
sig = "08ebfda14427ef24"

[[bindings]]
doc = "docs/vault/Modules/dev.md"
target = "src/dev/scenes/bathroom-set.ts"
sig = "1dc55f8a8ba64a39"

[[bindings]]
doc = "docs/vault/Modules/dev.md"
target = "src/dev/scenes/bedroom-set.ts"
sig = "d0214f900a50cb6e"

[[bindings]]
doc = "docs/vault/Modules/dev.md"
target = "src/dev/scenes/cars.ts"
sig = "d1ac077fa8a54887"

[[bindings]]
doc = "docs/vault/Modules/dev.md"
target = "src/dev/scenes/kitchen-a.ts"
sig = "b3ffed4b20b94135"

[[bindings]]
doc = "docs/vault/Modules/dev.md"
target = "src/dev/scenes/kitchen-b.ts"
sig = "9f4bce417acc7d9b"

[[bindings]]
doc = "docs/vault/Modules/dev.md"
target = "src/dev/scenes/kitchen-c.ts"
sig = "6076250d77860d77"

[[bindings]]
doc = "docs/vault/Modules/dev.md"
target = "src/dev/scenes/kitchen-set.ts"
sig = "5233e3e617cc31ec"

[[bindings]]
doc = "docs/vault/Modules/dev.md"
target = "src/dev/scenes/material-ramp.ts"
sig = "0b8956e4fdc50db2"

[[bindings]]
doc = "docs/vault/Modules/dev.md"
target = "src/dev/scenes/post-preview.ts"
sig = "3b1ed986703b2730"

[[bindings]]
doc = "docs/vault/Modules/dev.md"
target = "src/dev/scenes/trackkit.ts"
sig = "4fe23bf6f5ca2b6b"

[[bindings]]
doc = "docs/vault/Modules/dev.md"
target = "src/dev/scenes/worldsmoke.ts"
sig = "dcf594af7c381b9d"

[[bindings]]
doc = "docs/vault/Modules/dev.md"
target = "src/main.ts"
sig = "a38e01706f33daf6"

[[bindings]]
doc = "docs/vault/Modules/dev.md"
target = "src/render/car-rig.ts"
sig = "10c2228c13c0edbb"

[[bindings]]
doc = "docs/vault/Modules/dev.md"
target = "src/render/post/index.ts"
sig = "6a3d57438cbc86cd"

[[bindings]]
doc = "docs/vault/Modules/dev.md"
target = "tests/e2e/harness.spec.ts"
sig = "5bb422cad39806e7"

[[bindings]]
doc = "docs/vault/Modules/dev.md"
target = "tests/e2e/post-dispose.spec.ts"
sig = "b478d0af092de344"

[[bindings]]
doc = "docs/vault/Modules/dev.md"
target = "tests/unit/render-post.test.ts"
sig = "f88a45cfb6aaf777"

[[bindings]]
doc = "docs/vault/Modules/dev.md"
target = "tools/render.mjs"
sig = "5455fbef64c07ef3"

[[bindings]]
doc = "docs/vault/Modules/hazards.md"
target = "src/feel/run.ts"
sig = "8fedc4281132602b"

[[bindings]]
doc = "docs/vault/Modules/hazards.md"
target = "src/physics/car.ts"
sig = "371ef988b99714db"

[[bindings]]
doc = "docs/vault/Modules/hazards.md"
target = "src/world/hazards.ts"
sig = "c574d75a051da4fc"

[[bindings]]
doc = "docs/vault/Modules/hazards.md"
target = "src/world/world.ts"
sig = "4d65138cf18983db"

[[bindings]]
doc = "docs/vault/Modules/hazards.md"
target = "tests/unit/hazards.test.ts"
sig = "be1d9f07e84f7b87"

[[bindings]]
doc = "docs/vault/Modules/physics.md"
target = "src/feel/feeltrack.ts"
sig = "cbba72af04a17c24"

[[bindings]]
doc = "docs/vault/Modules/physics.md"
target = "src/physics/car.ts"
sig = "371ef988b99714db"

[[bindings]]
doc = "docs/vault/Modules/physics.md"
target = "src/physics/sim.ts"
sig = "09c7f3eef715d605"

[[bindings]]
doc = "docs/vault/Modules/physics.md"
target = "tests/unit/ablation.test.ts"
sig = "0606c89252f3a2d3"

[[bindings]]
doc = "docs/vault/Modules/physics.md"
target = "tests/unit/world.test.ts"
sig = "9599dbdb90965a2b"

[[bindings]]
doc = "docs/vault/Modules/physics.md"
target = "tools/feel.mjs"
sig = "4c45526e4182ba0a"

[[bindings]]
doc = "docs/vault/Modules/render.md"
target = "src/boot.ts"
sig = "17a52a489568f8bf"

[[bindings]]
doc = "docs/vault/Modules/render.md"
target = "src/dev/scenes/cars.ts"
sig = "d1ac077fa8a54887"

[[bindings]]
doc = "docs/vault/Modules/render.md"
target = "src/dev/scenes/kitchen-a.ts"
sig = "b3ffed4b20b94135"

[[bindings]]
doc = "docs/vault/Modules/render.md"
target = "src/dev/scenes/kitchen-b.ts"
sig = "9f4bce417acc7d9b"

[[bindings]]
doc = "docs/vault/Modules/render.md"
target = "src/dev/scenes/kitchen-c.ts"
sig = "6076250d77860d77"

[[bindings]]
doc = "docs/vault/Modules/render.md"
target = "src/dev/scenes/material-ramp.ts"
sig = "0b8956e4fdc50db2"

[[bindings]]
doc = "docs/vault/Modules/render.md"
target = "src/render/car-rig.ts"
sig = "10c2228c13c0edbb"

[[bindings]]
doc = "docs/vault/Modules/render.md"
target = "src/render/film.ts"
sig = "2eb775c4288f5c26"

[[bindings]]
doc = "docs/vault/Modules/render.md"
target = "src/render/geometry.ts"
sig = "0e4e78212a50e506"

[[bindings]]
doc = "docs/vault/Modules/render.md"
target = "src/render/lighting.ts"
sig = "492743f87f45cb80"

[[bindings]]
doc = "docs/vault/Modules/render.md"
target = "src/render/materials.ts"
sig = "608391146d0569b3"

[[bindings]]
doc = "docs/vault/Modules/render.md"
target = "src/render/tokens.ts"
sig = "0abdb9a10e2cf1ec"

[[bindings]]
doc = "docs/vault/Modules/render.md"
target = "src/render/toon-material.ts"
sig = "db6bc0ac181bbbe0"

[[bindings]]
doc = "docs/vault/Modules/render.md"
target = "tests/e2e/post-dispose.spec.ts"
sig = "b478d0af092de344"

[[bindings]]
doc = "docs/vault/Modules/render.md"
target = "tests/unit/render-materials.test.ts"
sig = "7b31151e38510ae3"

[[bindings]]
doc = "docs/vault/Modules/render.md"
target = "tests/unit/render-post.test.ts"
sig = "f88a45cfb6aaf777"

[[bindings]]
doc = "docs/vault/Modules/render.md"
target = "tests/unit/tokens.test.ts"
sig = "0f065f90d47289b6"

[[bindings]]
doc = "docs/vault/Modules/replay.md"
target = "docs/vault/Reference/hash-atlas.json"
sig = "d01d2ba38efcad2e"

[[bindings]]
doc = "docs/vault/Modules/replay.md"
target = "scripts/probe-piece-order.mjs"
sig = "38ba83af4eebb5bf"

[[bindings]]
doc = "docs/vault/Modules/replay.md"
target = "src/boot.ts"
sig = "17a52a489568f8bf"

[[bindings]]
doc = "docs/vault/Modules/replay.md"
target = "src/pages/ghost.ts"
sig = "5ca3945d8f739e09"

[[bindings]]
doc = "docs/vault/Modules/replay.md"
target = "src/pages/share.ts"
sig = "c0c40a2802de1777"

[[bindings]]
doc = "docs/vault/Modules/replay.md"
target = "src/replay/cinematic.ts"
sig = "7bb6815e1252b824"

[[bindings]]
doc = "docs/vault/Modules/replay.md"
target = "src/replay/replay.ts"
sig = "6485563f5203b12f"

[[bindings]]
doc = "docs/vault/Modules/replay.md"
target = "src/share/card.ts"
sig = "e5ff9f48c99e7ce4"

[[bindings]]
doc = "docs/vault/Modules/replay.md"
target = "src/ui/advice.ts"
sig = "2833cd05625ea55b"

[[bindings]]
doc = "docs/vault/Modules/replay.md"
target = "src/world/pars.json"
sig = "f788a39535afc79f"

[[bindings]]
doc = "docs/vault/Modules/replay.md"
target = "tests/e2e/determinism.spec.ts"
sig = "a9ef19f44fc7b9f8"

[[bindings]]
doc = "docs/vault/Modules/replay.md"
target = "tests/e2e/ghosts.spec.ts"
sig = "1e950221a3c04bfa"

[[bindings]]
doc = "docs/vault/Modules/replay.md"
target = "tests/e2e/replay-red.spec.ts"
sig = "07fe61ba016b343d"

[[bindings]]
doc = "docs/vault/Modules/replay.md"
target = "tests/e2e/replay.spec.ts"
sig = "3d3537c9c8b3f35a"

[[bindings]]
doc = "docs/vault/Modules/replay.md"
target = "tests/e2e/share-replay.spec.ts"
sig = "2cfac64c23934506"

[[bindings]]
doc = "docs/vault/Modules/replay.md"
target = "tests/e2e/stage5-bb-feel.spec.ts"
sig = "544766549764a6c1"

[[bindings]]
doc = "docs/vault/Modules/replay.md"
target = "tests/e2e/stage5-ready.spec.ts"
sig = "46a3e4eca61f0a28"

[[bindings]]
doc = "docs/vault/Modules/replay.md"
target = "tests/unit/cinematic.test.ts"
sig = "9c9c7f1b81ffd43c"

[[bindings]]
doc = "docs/vault/Modules/replay.md"
target = "tests/unit/ghost.test.ts"
sig = "76375d6c92597fb8"

[[bindings]]
doc = "docs/vault/Modules/replay.md"
target = "tests/unit/replay.test.ts"
sig = "c55f143b9eaa05bc"

[[bindings]]
doc = "docs/vault/Modules/replay.md"
target = "tools/hash-atlas.mjs"
sig = "1becf3bba294d4ef"

[[bindings]]
doc = "docs/vault/Modules/replay.md"
target = "tools/replay-all.mjs"
sig = "5032349490e77279"

[[bindings]]
doc = "docs/vault/Modules/save.md"
target = "src/boot.ts"
sig = "17a52a489568f8bf"

[[bindings]]
doc = "docs/vault/Modules/save.md"
target = "src/pages/ghost.ts"
sig = "5ca3945d8f739e09"

[[bindings]]
doc = "docs/vault/Modules/save.md"
target = "src/save/daily.ts"
sig = "35ebd45a1b175f39"

[[bindings]]
doc = "docs/vault/Modules/save.md"
target = "src/save/save.ts"
sig = "347bd7f00a70f7d9"

[[bindings]]
doc = "docs/vault/Modules/save.md"
target = "src/sound/sound.ts"
sig = "1c1608bfb5474b24"

[[bindings]]
doc = "docs/vault/Modules/save.md"
target = "src/ui/callouts.ts"
sig = "b031100c960752c8"

[[bindings]]
doc = "docs/vault/Modules/save.md"
target = "src/ui/settings.ts"
sig = "f83db9ef6b318b3f"

[[bindings]]
doc = "docs/vault/Modules/save.md"
target = "src/world/campaign.ts"
sig = "af3dda9ec71a2fd4"

[[bindings]]
doc = "docs/vault/Modules/save.md"
target = "tests/e2e/cross-tab-save.spec.ts"
sig = "8c930ef3d31a46f0"

[[bindings]]
doc = "docs/vault/Modules/save.md"
target = "tests/e2e/playtest-tu.spec.ts"
sig = "f2bf545d550efbb9"

[[bindings]]
doc = "docs/vault/Modules/save.md"
target = "tests/e2e/save-quarantine.spec.ts"
sig = "17684f9bc1d1a69e"

[[bindings]]
doc = "docs/vault/Modules/save.md"
target = "tests/e2e/save-volume.spec.ts"
sig = "033ba03754d1bc71"

[[bindings]]
doc = "docs/vault/Modules/save.md"
target = "tests/unit/callouts.test.ts"
sig = "abd535e429fdb1f8"

[[bindings]]
doc = "docs/vault/Modules/save.md"
target = "tests/unit/save.test.ts"
sig = "67837c46596536a2"

[[bindings]]
doc = "docs/vault/Modules/save.md"
target = "tests/unit/sound.test.ts"
sig = "fc98edbbe806f84d"

[[bindings]]
doc = "docs/vault/Modules/sets-kitchen.md"
target = "scripts/gen-pars.mjs"
sig = "2bcbeeffa80b98e6"

[[bindings]]
doc = "docs/vault/Modules/sets-kitchen.md"
target = "src/boot.ts"
sig = "0dfeaf8ad6e0eb41"

[[bindings]]
doc = "docs/vault/Modules/sets-kitchen.md"
target = "src/dev/scenes/kitchen-set.ts"
sig = "5233e3e617cc31ec"

[[bindings]]
doc = "docs/vault/Modules/sets-kitchen.md"
target = "src/sets/index.ts"
sig = "fa1d6873574ee080"

[[bindings]]
doc = "docs/vault/Modules/sets-kitchen.md"
target = "src/sets/kitchen/data.ts"
sig = "ab279d61dd7ba620"

[[bindings]]
doc = "docs/vault/Modules/sets-kitchen.md"
target = "src/sets/kitchen/index.ts"
sig = "8d54044f7dd6bb29"

[[bindings]]
doc = "docs/vault/Modules/sets-kitchen.md"
target = "src/world/pars.json"
sig = "f788a39535afc79f"

[[bindings]]
doc = "docs/vault/Modules/sets-kitchen.md"
target = "src/world/setPlacement.ts"
sig = "6143c0d8b5dcd826"

[[bindings]]
doc = "docs/vault/Modules/sets-kitchen.md"
target = "tests/unit/kitchen-set.test.ts"
sig = "419088dfb08c761f"

[[bindings]]
doc = "docs/vault/Modules/sets-kitchen.md"
target = "tests/unit/set-wiring.test.ts"
sig = "68f378bf54ee5d36"

[[bindings]]
doc = "docs/vault/Modules/sets.md"
target = "docs/explorations/bedroom/production-hero.png"
sig = "30af55b32a0f0f22"

[[bindings]]
doc = "docs/vault/Modules/sets.md"
target = "src/boot.ts"
sig = "2a1df2ad7b746645"

[[bindings]]
doc = "docs/vault/Modules/sets.md"
target = "src/dev/scenes/bathroom-set.ts"
sig = "1dc55f8a8ba64a39"

[[bindings]]
doc = "docs/vault/Modules/sets.md"
target = "src/dev/scenes/bathroom.ts"
sig = "5347bb2fb13e8a43"

[[bindings]]
doc = "docs/vault/Modules/sets.md"
target = "src/dev/scenes/bedroom-set.ts"
sig = "d0214f900a50cb6e"

[[bindings]]
doc = "docs/vault/Modules/sets.md"
target = "src/dev/scenes/bedroom.ts"
sig = "0a888ace48655987"

[[bindings]]
doc = "docs/vault/Modules/sets.md"
target = "src/pages/mount.ts"
sig = "057fe1e7cdcc19ed"

[[bindings]]
doc = "docs/vault/Modules/sets.md"
target = "src/render/toon-material.ts"
sig = "db6bc0ac181bbbe0"

[[bindings]]
doc = "docs/vault/Modules/sets.md"
target = "src/sets/bathroom/data.ts"
sig = "02318c487c20c648"

[[bindings]]
doc = "docs/vault/Modules/sets.md"
target = "src/sets/bathroom/index.ts"
sig = "06ec26e6ebabb8d9"

[[bindings]]
doc = "docs/vault/Modules/sets.md"
target = "src/sets/bedroom/data.ts"
sig = "7dddd37e7adaea37"

[[bindings]]
doc = "docs/vault/Modules/sets.md"
target = "src/sets/bedroom/index.ts"
sig = "f619bf84287798df"

[[bindings]]
doc = "docs/vault/Modules/sets.md"
target = "src/sets/garden/data.ts"
sig = "85fea3da970c0e69"

[[bindings]]
doc = "docs/vault/Modules/sets.md"
target = "src/sets/garden/index.ts"
sig = "07a6e76f2ec04399"

[[bindings]]
doc = "docs/vault/Modules/sets.md"
target = "src/sets/index.ts"
sig = "94eb3b5e252d57ec"

[[bindings]]
doc = "docs/vault/Modules/sets.md"
target = "src/sets/porch/data.ts"
sig = "c6f64cb86daf87db"

[[bindings]]
doc = "docs/vault/Modules/sets.md"
target = "src/sets/porch/index.ts"
sig = "d80fcdaccddc7908"

[[bindings]]
doc = "docs/vault/Modules/sets.md"
target = "src/ui/builder.ts"
sig = "ee70b229ba91242e"

[[bindings]]
doc = "docs/vault/Modules/sets.md"
target = "src/ui/callouts.ts"
sig = "8ce1d7d6a6596df5"

[[bindings]]
doc = "docs/vault/Modules/sets.md"
target = "src/world/setPlacement.ts"
sig = "6143c0d8b5dcd826"

[[bindings]]
doc = "docs/vault/Modules/sets.md"
target = "tests/e2e/bedroom-set.spec.ts"
sig = "7a9b8333cdfac9b3"

[[bindings]]
doc = "docs/vault/Modules/sets.md"
target = "tests/e2e/porch-set.spec.ts"
sig = "2b24068cdedb9162"

[[bindings]]
doc = "docs/vault/Modules/sets.md"
target = "tests/unit/bathroom-levels.test.ts"
sig = "ba659c879db5645d"

[[bindings]]
doc = "docs/vault/Modules/sets.md"
target = "tests/unit/porch-levels.test.ts"
sig = "05ccd6489c396eaa"

[[bindings]]
doc = "docs/vault/Modules/sets.md"
target = "tests/unit/set-wiring.test.ts"
sig = "68f378bf54ee5d36"

[[bindings]]
doc = "docs/vault/Modules/share.md"
target = "src/boot.ts"
sig = "d908a2e0338e321e"

[[bindings]]
doc = "docs/vault/Modules/share.md"
target = "src/dev/cameras.ts"
sig = "f82276202a825f48"

[[bindings]]
doc = "docs/vault/Modules/share.md"
target = "src/share/card.ts"
sig = "fa92dc753cd3495a"

[[bindings]]
doc = "docs/vault/Modules/share.md"
target = "src/share/share.ts"
sig = "fc117b5b67ee7421"

[[bindings]]
doc = "docs/vault/Modules/share.md"
target = "tests/e2e/replay.spec.ts"
sig = "3d3537c9c8b3f35a"

[[bindings]]
doc = "docs/vault/Modules/share.md"
target = "tests/unit/card.test.ts"
sig = "bd62c7fc1dbe05dd"

[[bindings]]
doc = "docs/vault/Modules/share.md"
target = "tests/unit/share.test.ts"
sig = "4027748e1e9f62a9"

[[bindings]]
doc = "docs/vault/Modules/share.md"
target = "tools/hash-atlas.mjs"
sig = "1becf3bba294d4ef"

[[bindings]]
doc = "docs/vault/Modules/sound.md"
target = "src/boot.ts"
sig = "d908a2e0338e321e"

[[bindings]]
doc = "docs/vault/Modules/sound.md"
target = "src/save/save.ts"
sig = "d5d710ea5de701ff"

[[bindings]]
doc = "docs/vault/Modules/sound.md"
target = "src/sound/bus.ts"
sig = "aba9ccc8061aa50c"

[[bindings]]
doc = "docs/vault/Modules/sound.md"
target = "src/sound/sound.ts"
sig = "50d67ce448abe66d"

[[bindings]]
doc = "docs/vault/Modules/sound.md"
target = "src/sound/voices.ts"
sig = "c48e9f29af4e28e5"

[[bindings]]
doc = "docs/vault/Modules/sound.md"
target = "tests/e2e/save-volume.spec.ts"
sig = "be0b7c9f043f67a4"

[[bindings]]
doc = "docs/vault/Modules/sound.md"
target = "tests/e2e/sound.spec.ts"
sig = "8b6d99b6cea551bc"

[[bindings]]
doc = "docs/vault/Modules/sound.md"
target = "tests/unit/sound.test.ts"
sig = "02e8bb3cbca0500c"

[[bindings]]
doc = "docs/vault/Modules/src.md"
target = "scripts/gen-pars.mjs"
sig = "2bcbeeffa80b98e6"

[[bindings]]
doc = "docs/vault/Modules/src.md"
target = "src/boot.ts"
sig = "17a52a489568f8bf"

[[bindings]]
doc = "docs/vault/Modules/src.md"
target = "src/dev/harness.ts"
sig = "cbba3e39288b4433"

[[bindings]]
doc = "docs/vault/Modules/src.md"
target = "src/main.ts"
sig = "a38e01706f33daf6"

[[bindings]]
doc = "docs/vault/Modules/src.md"
target = "src/pages/farewell.ts"
sig = "13895d12d8fb8830"

[[bindings]]
doc = "docs/vault/Modules/src.md"
target = "src/pages/ghost.ts"
sig = "5ca3945d8f739e09"

[[bindings]]
doc = "docs/vault/Modules/src.md"
target = "src/pages/intro.ts"
sig = "6b615c2f26d89972"

[[bindings]]
doc = "docs/vault/Modules/src.md"
target = "src/pages/select.ts"
sig = "86ad7571be6c9101"

[[bindings]]
doc = "docs/vault/Modules/src.md"
target = "src/pages/share.ts"
sig = "c0c40a2802de1777"

[[bindings]]
doc = "docs/vault/Modules/src.md"
target = "src/replay/cinematic.ts"
sig = "7bb6815e1252b824"

[[bindings]]
doc = "docs/vault/Modules/src.md"
target = "src/save/daily.ts"
sig = "35ebd45a1b175f39"

[[bindings]]
doc = "docs/vault/Modules/src.md"
target = "src/sets/index.ts"
sig = "94eb3b5e252d57ec"

[[bindings]]
doc = "docs/vault/Modules/src.md"
target = "src/share/card.ts"
sig = "fa92dc753cd3495a"

[[bindings]]
doc = "docs/vault/Modules/src.md"
target = "src/ui/advice.ts"
sig = "2833cd05625ea55b"

[[bindings]]
doc = "docs/vault/Modules/src.md"
target = "src/ui/callouts.ts"
sig = "b031100c960752c8"

[[bindings]]
doc = "docs/vault/Modules/src.md"
target = "src/ui/errors.ts"
sig = "08a476fc4a349428"

[[bindings]]
doc = "docs/vault/Modules/src.md"
target = "src/ui/help.ts"
sig = "3c5a96399a09b23c"

[[bindings]]
doc = "docs/vault/Modules/src.md"
target = "src/ui/levelselect.ts"
sig = "f3e5206b61c5e703"

[[bindings]]
doc = "docs/vault/Modules/src.md"
target = "src/ui/result.ts"
sig = "4b5962fbc2cfe15b"

[[bindings]]
doc = "docs/vault/Modules/src.md"
target = "src/ui/shell.css"
sig = "ae8fa4d71696b96f"

[[bindings]]
doc = "docs/vault/Modules/src.md"
target = "src/world/campaign.ts"
sig = "af3dda9ec71a2fd4"

[[bindings]]
doc = "docs/vault/Modules/src.md"
target = "src/world/pars.json"
sig = "f788a39535afc79f"

[[bindings]]
doc = "docs/vault/Modules/src.md"
target = "src/world/setPlacement.ts"
sig = "2292c87818bc3c75"

[[bindings]]
doc = "docs/vault/Modules/src.md"
target = "tests/e2e/builder.spec.ts"
sig = "bce1a05de2d8cb2c"

[[bindings]]
doc = "docs/vault/Modules/src.md"
target = "tests/e2e/campaign.spec.ts"
sig = "ec632ace702f8f1d"

[[bindings]]
doc = "docs/vault/Modules/src.md"
target = "tests/e2e/error-boundary.spec.ts"
sig = "18307e4ee9098b5e"

[[bindings]]
doc = "docs/vault/Modules/src.md"
target = "tests/e2e/goto.ts"
sig = "e2aa21dce080499d"

[[bindings]]
doc = "docs/vault/Modules/src.md"
target = "tests/e2e/intro.spec.ts"
sig = "b7e66aa56b0ad5ee"

[[bindings]]
doc = "docs/vault/Modules/src.md"
target = "tests/e2e/loop.spec.ts"
sig = "d4c50c7057aafa6c"

[[bindings]]
doc = "docs/vault/Modules/src.md"
target = "tests/e2e/playtest-rs.spec.ts"
sig = "b71c68df5d5db463"

[[bindings]]
doc = "docs/vault/Modules/src.md"
target = "tests/e2e/playtest-tu.spec.ts"
sig = "f2bf545d550efbb9"

[[bindings]]
doc = "docs/vault/Modules/src.md"
target = "tests/e2e/result.spec.ts"
sig = "a93edd89aaa69e87"

[[bindings]]
doc = "docs/vault/Modules/src.md"
target = "tests/e2e/shell-truth.spec.ts"
sig = "86430a422610f461"

[[bindings]]
doc = "docs/vault/Modules/src.md"
target = "tests/e2e/smoke.spec.ts"
sig = "20e80db307cc71e3"

[[bindings]]
doc = "docs/vault/Modules/src.md"
target = "tests/unit/boot.test.ts"
sig = "f356bad14a60371e"

[[bindings]]
doc = "docs/vault/Modules/src.md"
target = "tests/unit/camera.test.ts"
sig = "f00a6dbe45a90d4a"

[[bindings]]
doc = "docs/vault/Modules/src.md"
target = "tests/unit/kitchen-levels.test.ts"
sig = "9c6d05daff1e0345"

[[bindings]]
doc = "docs/vault/Modules/track.md"
target = "src/boot.ts"
sig = "17a52a489568f8bf"

[[bindings]]
doc = "docs/vault/Modules/track.md"
target = "src/dev/scenes/trackkit.ts"
sig = "4fe23bf6f5ca2b6b"

[[bindings]]
doc = "docs/vault/Modules/track.md"
target = "src/feel/kittrack.ts"
sig = "23d6349a19a9619e"

[[bindings]]
doc = "docs/vault/Modules/track.md"
target = "src/track/build.ts"
sig = "3871041c00d2f83b"

[[bindings]]
doc = "docs/vault/Modules/track.md"
target = "src/track/cross-section.ts"
sig = "8f79e5fc5faffae7"

[[bindings]]
doc = "docs/vault/Modules/track.md"
target = "src/track/material.ts"
sig = "b10082b8262b15be"

[[bindings]]
doc = "docs/vault/Modules/track.md"
target = "src/track/pieces.ts"
sig = "f95f15e27e3ebc58"

[[bindings]]
doc = "docs/vault/Modules/track.md"
target = "src/track/snap.ts"
sig = "92cf24ddcf9e37f8"

[[bindings]]
doc = "docs/vault/Modules/track.md"
target = "src/track/socket.ts"
sig = "e83f876461cb13e5"

[[bindings]]
doc = "docs/vault/Modules/track.md"
target = "src/track/spline.ts"
sig = "94a2ee27e5931879"

[[bindings]]
doc = "docs/vault/Modules/track.md"
target = "src/world/world.ts"
sig = "28e1d46c14426bb4"

[[bindings]]
doc = "docs/vault/Modules/track.md"
target = "tests/unit/track-rolling.test.ts"
sig = "39bbfa56d8e2a4d0"

[[bindings]]
doc = "docs/vault/Modules/track.md"
target = "tests/unit/track.test.ts"
sig = "4e0fc998b5b96411"

[[bindings]]
doc = "docs/vault/Modules/ui.md"
target = "scripts/a11y-contrast.mjs"
sig = "87cba624518bd54f"

[[bindings]]
doc = "docs/vault/Modules/ui.md"
target = "scripts/probe-piece-order.mjs"
sig = "38ba83af4eebb5bf"

[[bindings]]
doc = "docs/vault/Modules/ui.md"
target = "src/boot.ts"
sig = "17a52a489568f8bf"

[[bindings]]
doc = "docs/vault/Modules/ui.md"
target = "src/camera/build-camera.ts"
sig = "97bc8bf7f213f2b6"

[[bindings]]
doc = "docs/vault/Modules/ui.md"
target = "src/main.ts"
sig = "a38e01706f33daf6"

[[bindings]]
doc = "docs/vault/Modules/ui.md"
target = "src/pages/farewell.ts"
sig = "13895d12d8fb8830"

[[bindings]]
doc = "docs/vault/Modules/ui.md"
target = "src/pages/ghost.ts"
sig = "5ca3945d8f739e09"

[[bindings]]
doc = "docs/vault/Modules/ui.md"
target = "src/pages/intro.ts"
sig = "6b615c2f26d89972"

[[bindings]]
doc = "docs/vault/Modules/ui.md"
target = "src/pages/select.ts"
sig = "86ad7571be6c9101"

[[bindings]]
doc = "docs/vault/Modules/ui.md"
target = "src/sets/bathroom/index.ts"
sig = "06ec26e6ebabb8d9"

[[bindings]]
doc = "docs/vault/Modules/ui.md"
target = "src/sets/garden/index.ts"
sig = "07a6e76f2ec04399"

[[bindings]]
doc = "docs/vault/Modules/ui.md"
target = "src/ui/advice.ts"
sig = "2833cd05625ea55b"

[[bindings]]
doc = "docs/vault/Modules/ui.md"
target = "src/ui/aim-transform.ts"
sig = "85920b82ecda91cd"

[[bindings]]
doc = "docs/vault/Modules/ui.md"
target = "src/ui/builder.ts"
sig = "d06b8e347831f95d"

[[bindings]]
doc = "docs/vault/Modules/ui.md"
target = "src/ui/callouts.ts"
sig = "b031100c960752c8"

[[bindings]]
doc = "docs/vault/Modules/ui.md"
target = "src/ui/help.ts"
sig = "3c5a96399a09b23c"

[[bindings]]
doc = "docs/vault/Modules/ui.md"
target = "src/ui/levelselect.ts"
sig = "f3e5206b61c5e703"

[[bindings]]
doc = "docs/vault/Modules/ui.md"
target = "src/ui/motion.ts"
sig = "e9d8f319019cbe3a"

[[bindings]]
doc = "docs/vault/Modules/ui.md"
target = "src/ui/result.ts"
sig = "4b5962fbc2cfe15b"

[[bindings]]
doc = "docs/vault/Modules/ui.md"
target = "src/ui/settings.ts"
sig = "f83db9ef6b318b3f"

[[bindings]]
doc = "docs/vault/Modules/ui.md"
target = "src/ui/shell.css"
sig = "ae8fa4d71696b96f"

[[bindings]]
doc = "docs/vault/Modules/ui.md"
target = "src/world/campaign.ts"
sig = "af3dda9ec71a2fd4"

[[bindings]]
doc = "docs/vault/Modules/ui.md"
target = "tests/e2e/a11y-touch.spec.ts"
sig = "229f69d886fdc4b6"

[[bindings]]
doc = "docs/vault/Modules/ui.md"
target = "tests/e2e/a11y.spec.ts"
sig = "384d1a65b302636b"

[[bindings]]
doc = "docs/vault/Modules/ui.md"
target = "tests/e2e/aim-depth.spec.ts"
sig = "eeafb22c670a62b7"

[[bindings]]
doc = "docs/vault/Modules/ui.md"
target = "tests/e2e/build-view.spec.ts"
sig = "89483735cca2eb87"

[[bindings]]
doc = "docs/vault/Modules/ui.md"
target = "tests/e2e/builder.spec.ts"
sig = "bce1a05de2d8cb2c"

[[bindings]]
doc = "docs/vault/Modules/ui.md"
target = "tests/e2e/camera-torture.spec.ts"
sig = "51a7558d3b260ed0"

[[bindings]]
doc = "docs/vault/Modules/ui.md"
target = "tests/e2e/campaign.spec.ts"
sig = "ec632ace702f8f1d"

[[bindings]]
doc = "docs/vault/Modules/ui.md"
target = "tests/e2e/click-place.spec.ts"
sig = "ddbe32d0124dd69d"

[[bindings]]
doc = "docs/vault/Modules/ui.md"
target = "tests/e2e/farewell.spec.ts"
sig = "0ab919cfb7fa8035"

[[bindings]]
doc = "docs/vault/Modules/ui.md"
target = "tests/e2e/ghosts.spec.ts"
sig = "1e950221a3c04bfa"

[[bindings]]
doc = "docs/vault/Modules/ui.md"
target = "tests/e2e/goal-rung.spec.ts"
sig = "2706abc9c3520c34"

[[bindings]]
doc = "docs/vault/Modules/ui.md"
target = "tests/e2e/goto.ts"
sig = "e2aa21dce080499d"

[[bindings]]
doc = "docs/vault/Modules/ui.md"
target = "tests/e2e/labels.spec.ts"
sig = "c3733190fd86fe7c"

[[bindings]]
doc = "docs/vault/Modules/ui.md"
target = "tests/e2e/loop.spec.ts"
sig = "d4c50c7057aafa6c"

[[bindings]]
doc = "docs/vault/Modules/ui.md"
target = "tests/e2e/p4-words-where.spec.ts"
sig = "ace78be30f9b0f94"

[[bindings]]
doc = "docs/vault/Modules/ui.md"
target = "tests/e2e/place-honesty.spec.ts"
sig = "c87c4b940d80f160"

[[bindings]]
doc = "docs/vault/Modules/ui.md"
target = "tests/e2e/playtest-aa.spec.ts"
sig = "c42f3b9e25bbf792"

[[bindings]]
doc = "docs/vault/Modules/ui.md"
target = "tests/e2e/playtest-bb.spec.ts"
sig = "7bb52182553590b5"

[[bindings]]
doc = "docs/vault/Modules/ui.md"
target = "tests/e2e/playtest-n.spec.ts"
sig = "05468bed25ec7cd2"

[[bindings]]
doc = "docs/vault/Modules/ui.md"
target = "tests/e2e/playtest-pq.spec.ts"
sig = "6aae6aa215fbbf75"

[[bindings]]
doc = "docs/vault/Modules/ui.md"
target = "tests/e2e/playtest-rs.spec.ts"
sig = "b71c68df5d5db463"

[[bindings]]
doc = "docs/vault/Modules/ui.md"
target = "tests/e2e/playtest-tu.spec.ts"
sig = "f2bf545d550efbb9"

[[bindings]]
doc = "docs/vault/Modules/ui.md"
target = "tests/e2e/playtest-y-clickdiff.spec.ts"
sig = "d46c82ea92f7d9d6"

[[bindings]]
doc = "docs/vault/Modules/ui.md"
target = "tests/e2e/program-voice.spec.ts"
sig = "912aba87fc30d6a6"

[[bindings]]
doc = "docs/vault/Modules/ui.md"
target = "tests/e2e/result.spec.ts"
sig = "a93edd89aaa69e87"

[[bindings]]
doc = "docs/vault/Modules/ui.md"
target = "tests/e2e/save-quarantine.spec.ts"
sig = "17684f9bc1d1a69e"

[[bindings]]
doc = "docs/vault/Modules/ui.md"
target = "tests/e2e/shell-truth.spec.ts"
sig = "86430a422610f461"

[[bindings]]
doc = "docs/vault/Modules/ui.md"
target = "tests/e2e/shell.spec.ts"
sig = "e3af45be087e308b"

[[bindings]]
doc = "docs/vault/Modules/ui.md"
target = "tests/e2e/stage6-k3-discoverability.spec.ts"
sig = "59904e54be68ab65"

[[bindings]]
doc = "docs/vault/Modules/ui.md"
target = "tests/e2e/viewport-aim.spec.ts"
sig = "bdb97b5d8f764945"

[[bindings]]
doc = "docs/vault/Modules/ui.md"
target = "tests/unit/aim-outcomes.test.ts"
sig = "d106187865764449"

[[bindings]]
doc = "docs/vault/Modules/ui.md"
target = "tests/unit/boot-invariants.test.ts"
sig = "f8c688f0055fa0f4"

[[bindings]]
doc = "docs/vault/Modules/ui.md"
target = "tests/unit/callouts.test.ts"
sig = "abd535e429fdb1f8"

[[bindings]]
doc = "docs/vault/Modules/ui.md"
target = "tests/unit/campaign.test.ts"
sig = "1ef2957bbee5a5a0"

[[bindings]]
doc = "docs/vault/Modules/ui.md"
target = "tests/unit/critique-where.test.ts"
sig = "023fd722c2e06dca"

[[bindings]]
doc = "docs/vault/Modules/ui.md"
target = "tests/unit/farewell.test.ts"
sig = "17ab5e19a4c746d3"

[[bindings]]
doc = "docs/vault/Modules/ui.md"
target = "tests/unit/ghost.test.ts"
sig = "76375d6c92597fb8"

[[bindings]]
doc = "docs/vault/Modules/ui.md"
target = "tests/unit/goal-guard.test.ts"
sig = "177b82a748d9f320"

[[bindings]]
doc = "docs/vault/Modules/ui.md"
target = "tests/unit/kitchen-levels.test.ts"
sig = "9c6d05daff1e0345"

[[bindings]]
doc = "docs/vault/Modules/ui.md"
target = "tests/unit/result.test.ts"
sig = "58f5fe859fa18a99"

[[bindings]]
doc = "docs/vault/Modules/ui.md"
target = "tests/unit/save.test.ts"
sig = "67837c46596536a2"

[[bindings]]
doc = "docs/vault/Modules/ui.md"
target = "tests/unit/set-wiring.test.ts"
sig = "68f378bf54ee5d36"

[[bindings]]
doc = "docs/vault/Modules/ui.md"
target = "tests/unit/stars.test.ts"
sig = "60f975ea6fcc355d"

[[bindings]]
doc = "docs/vault/Modules/world.md"
target = "docs/vault/Modules/replay.md"
sig = "1d82e331bb0341a9"

[[bindings]]
doc = "docs/vault/Modules/world.md"
target = "scripts/gen-pars.mjs"
sig = "2bcbeeffa80b98e6"

[[bindings]]
doc = "docs/vault/Modules/world.md"
target = "src/boot.ts"
sig = "17a52a489568f8bf"

[[bindings]]
doc = "docs/vault/Modules/world.md"
target = "src/feel/feeltrack.ts"
sig = "cbba72af04a17c24"

[[bindings]]
doc = "docs/vault/Modules/world.md"
target = "src/feel/kittrack.ts"
sig = "23d6349a19a9619e"

[[bindings]]
doc = "docs/vault/Modules/world.md"
target = "src/physics/car.ts"
sig = "371ef988b99714db"

[[bindings]]
doc = "docs/vault/Modules/world.md"
target = "src/track/build.ts"
sig = "3871041c00d2f83b"

[[bindings]]
doc = "docs/vault/Modules/world.md"
target = "src/track/material.ts"
sig = "b10082b8262b15be"

[[bindings]]
doc = "docs/vault/Modules/world.md"
target = "src/world/campaign.ts"
sig = "af3dda9ec71a2fd4"

[[bindings]]
doc = "docs/vault/Modules/world.md"
target = "src/world/hazards.ts"
sig = "c574d75a051da4fc"

[[bindings]]
doc = "docs/vault/Modules/world.md"
target = "src/world/level.ts"
sig = "9554459c845c18c0"

[[bindings]]
doc = "docs/vault/Modules/world.md"
target = "src/world/levels/feeltrack.level.ts"
sig = "fb06ede3e0b45cba"

[[bindings]]
doc = "docs/vault/Modules/world.md"
target = "src/world/pars.json"
sig = "f788a39535afc79f"

[[bindings]]
doc = "docs/vault/Modules/world.md"
target = "src/world/setPlacement.ts"
sig = "6143c0d8b5dcd826"

[[bindings]]
doc = "docs/vault/Modules/world.md"
target = "src/world/stars.ts"
sig = "6178c7e423d10226"

[[bindings]]
doc = "docs/vault/Modules/world.md"
target = "src/world/world.ts"
sig = "28e1d46c14426bb4"

[[bindings]]
doc = "docs/vault/Modules/world.md"
target = "tests/unit/bathroom-levels.test.ts"
sig = "ba659c879db5645d"

[[bindings]]
doc = "docs/vault/Modules/world.md"
target = "tests/unit/bedroom-levels.test.ts"
sig = "c6727c5573198b2f"

[[bindings]]
doc = "docs/vault/Modules/world.md"
target = "tests/unit/campaign.test.ts"
sig = "1ef2957bbee5a5a0"

[[bindings]]
doc = "docs/vault/Modules/world.md"
target = "tests/unit/feeltrack-level.test.ts"
sig = "76aa13d75bc81d94"

[[bindings]]
doc = "docs/vault/Modules/world.md"
target = "tests/unit/garage-levels.test.ts"
sig = "4af7b89f1da31bea"

[[bindings]]
doc = "docs/vault/Modules/world.md"
target = "tests/unit/garden-levels.test.ts"
sig = "54cd7db6f57bd392"

[[bindings]]
doc = "docs/vault/Modules/world.md"
target = "tests/unit/juice.test.ts"
sig = "f560623ad3d27479"

[[bindings]]
doc = "docs/vault/Modules/world.md"
target = "tests/unit/porch-levels.test.ts"
sig = "05ccd6489c396eaa"

[[bindings]]
doc = "docs/vault/Modules/world.md"
target = "tests/unit/replay.test.ts"
sig = "c55f143b9eaa05bc"

[[bindings]]
doc = "docs/vault/Modules/world.md"
target = "tests/unit/set-wiring.test.ts"
sig = "68f378bf54ee5d36"

[[bindings]]
doc = "docs/vault/Modules/world.md"
target = "tests/unit/stars.test.ts"
sig = "60f975ea6fcc355d"

[[bindings]]
doc = "docs/vault/Modules/world.md"
target = "tests/unit/world.test.ts"
sig = "9599dbdb90965a2b"

[[bindings]]
doc = "docs/vault/Reference/Action Plan 2026-10-09.md"
target = "src/boot.ts"
sig = "17a52a489568f8bf"

[[bindings]]
doc = "docs/vault/Reference/Action Plan 2026-10-09.md"
target = "src/pages/farewell.ts"
sig = "13895d12d8fb8830"

[[bindings]]
doc = "docs/vault/Reference/Action Plan 2026-10-09.md"
target = "src/pages/select.ts"
sig = "86ad7571be6c9101"

[[bindings]]
doc = "docs/vault/Reference/Action Plan 2026-10-09.md"
target = "src/pages/share.ts"
sig = "c0c40a2802de1777"

[[bindings]]
doc = "docs/vault/Reference/Action Plan 2026-10-09.md"
target = "src/ui/advice.ts"
sig = "2833cd05625ea55b"

[[bindings]]
doc = "docs/vault/Reference/Action Plan 2026-10-09.md"
target = "src/world/campaign.ts"
sig = "af3dda9ec71a2fd4"

[[bindings]]
doc = "docs/vault/Reference/Canonical Cameras.md"
target = "src/dev/cameras.ts"
sig = "f82276202a825f48"

[[bindings]]
doc = "docs/vault/Reference/Canonical Cameras.md"
target = "src/sets/bathroom/data.ts"
sig = "02318c487c20c648"

[[bindings]]
doc = "docs/vault/Reference/Canonical Cameras.md"
target = "src/sets/porch/data.ts"
sig = "c6f64cb86daf87db"

[[bindings]]
doc = "docs/vault/Reference/Level Ladder.md"
target = "scripts/gen-pars.mjs"
sig = "2bcbeeffa80b98e6"

[[bindings]]
doc = "docs/vault/Reference/Level Ladder.md"
target = "src/boot.ts"
sig = "0dfeaf8ad6e0eb41"

[[bindings]]
doc = "docs/vault/Reference/Level Ladder.md"
target = "src/replay/replay.ts"
sig = "6485563f5203b12f"

[[bindings]]
doc = "docs/vault/Reference/Level Ladder.md"
target = "src/ui/builder.ts"
sig = "255d8cdd0891d905"

[[bindings]]
doc = "docs/vault/Reference/Level Ladder.md"
target = "src/world/pars.json"
sig = "f788a39535afc79f"

[[bindings]]
doc = "docs/vault/Reference/Level Ladder.md"
target = "tests/e2e/shell.spec.ts"
sig = "87c92c266d308daf"

[[bindings]]
doc = "docs/vault/Reference/Level Ladder.md"
target = "tests/e2e/stage6-sandboxes.spec.ts"
sig = "fe60e768f4c89836"

[[bindings]]
doc = "docs/vault/Reference/Level Ladder.md"
target = "tests/unit/bathroom-levels.test.ts"
sig = "453ef496b5266578"

[[bindings]]
doc = "docs/vault/Reference/Level Ladder.md"
target = "tests/unit/bedroom-levels.test.ts"
sig = "16c00f0589d2afcc"

[[bindings]]
doc = "docs/vault/Reference/Level Ladder.md"
target = "tests/unit/garage-levels.test.ts"
sig = "e89fd3f6daf74d62"

[[bindings]]
doc = "docs/vault/Reference/Level Ladder.md"
target = "tests/unit/garden-levels.test.ts"
sig = "3daafa8cabbb7bac"

[[bindings]]
doc = "docs/vault/Reference/Level Ladder.md"
target = "tests/unit/kitchen-levels.test.ts"
sig = "0363c75d8183d368"
